// !$*UTF8*$!
{
	archiveVersion = 1;
	classes = {
	};
	objectVersion = 52;
	objects = {

/* Begin PBXBuildFile section */
		A25FE80926EE13E7006D7808 /* EditorView.swift in Sources */ = {isa = PBXBuildFile; fileRef = A25FE80826EE13E7006D7808 /* EditorView.swift */; };
		A25FE80A26EE13E7006D7808 /* EditorView.swift in Sources */ = {isa = PBXBuildFile; fileRef = A25FE80826EE13E7006D7808 /* EditorView.swift */; };
		A25FE80B26EE13E7006D7808 /* EditorView.swift in Sources */ = {isa = PBXBuildFile; fileRef = A25FE80826EE13E7006D7808 /* EditorView.swift */; };
		A25FE81426EFD285006D7808 /* SettingsViewController.swift in Sources */ = {isa = PBXBuildFile; fileRef = A25FE81326EFD285006D7808 /* SettingsViewController.swift */; };
		A25FE81526EFD285006D7808 /* SettingsViewController.swift in Sources */ = {isa = PBXBuildFile; fileRef = A25FE81326EFD285006D7808 /* SettingsViewController.swift */; };
		A25FE81626EFD285006D7808 /* SettingsViewController.swift in Sources */ = {isa = PBXBuildFile; fileRef = A25FE81326EFD285006D7808 /* SettingsViewController.swift */; };
		A25FE81F26EFDD94006D7808 /* SettingTableViewCell.swift in Sources */ = {isa = PBXBuildFile; fileRef = A25FE81E26EFDD94006D7808 /* SettingTableViewCell.swift */; };
		A25FE82026EFDD94006D7808 /* SettingTableViewCell.swift in Sources */ = {isa = PBXBuildFile; fileRef = A25FE81E26EFDD94006D7808 /* SettingTableViewCell.swift */; };
		A25FE82126EFDD94006D7808 /* SettingTableViewCell.swift in Sources */ = {isa = PBXBuildFile; fileRef = A25FE81E26EFDD94006D7808 /* SettingTableViewCell.swift */; };
		A25FE82326F0AB81006D7808 /* UIColor+Extension.swift in Sources */ = {isa = PBXBuildFile; fileRef = A25FE82226F0AB81006D7808 /* UIColor+Extension.swift */; };
		A25FE82426F0AB81006D7808 /* UIColor+Extension.swift in Sources */ = {isa = PBXBuildFile; fileRef = A25FE82226F0AB81006D7808 /* UIColor+Extension.swift */; };
		A25FE82526F0AB81006D7808 /* UIColor+Extension.swift in Sources */ = {isa = PBXBuildFile; fileRef = A25FE82226F0AB81006D7808 /* UIColor+Extension.swift */; };
		A25FE82726F0AD61006D7808 /* CGFloat+Extension.swift in Sources */ = {isa = PBXBuildFile; fileRef = A25FE82626F0AD61006D7808 /* CGFloat+Extension.swift */; };
		A25FE82826F0AD61006D7808 /* CGFloat+Extension.swift in Sources */ = {isa = PBXBuildFile; fileRef = A25FE82626F0AD61006D7808 /* CGFloat+Extension.swift */; };
		A25FE82926F0AD61006D7808 /* CGFloat+Extension.swift in Sources */ = {isa = PBXBuildFile; fileRef = A25FE82626F0AD61006D7808 /* CGFloat+Extension.swift */; };
		A25FE82B26F0C976006D7808 /* Persist.swift in Sources */ = {isa = PBXBuildFile; fileRef = A25FE82A26F0C976006D7808 /* Persist.swift */; };
		A25FE82C26F0C976006D7808 /* Persist.swift in Sources */ = {isa = PBXBuildFile; fileRef = A25FE82A26F0C976006D7808 /* Persist.swift */; };
		A25FE82D26F0C976006D7808 /* Persist.swift in Sources */ = {isa = PBXBuildFile; fileRef = A25FE82A26F0C976006D7808 /* Persist.swift */; };
		A25FE82F26F0CB2A006D7808 /* Theme.swift in Sources */ = {isa = PBXBuildFile; fileRef = A25FE82E26F0CB2A006D7808 /* Theme.swift */; };
		A25FE83026F0CB2A006D7808 /* Theme.swift in Sources */ = {isa = PBXBuildFile; fileRef = A25FE82E26F0CB2A006D7808 /* Theme.swift */; };
		A25FE83126F0CB2A006D7808 /* Theme.swift in Sources */ = {isa = PBXBuildFile; fileRef = A25FE82E26F0CB2A006D7808 /* Theme.swift */; };
		A25FE83426F0CE1D006D7808 /* ThemeWindow.swift in Sources */ = {isa = PBXBuildFile; fileRef = A25FE83326F0CE1D006D7808 /* ThemeWindow.swift */; };
		A25FE83526F0CE1D006D7808 /* ThemeWindow.swift in Sources */ = {isa = PBXBuildFile; fileRef = A25FE83326F0CE1D006D7808 /* ThemeWindow.swift */; };
		A25FE83626F0CE1D006D7808 /* ThemeWindow.swift in Sources */ = {isa = PBXBuildFile; fileRef = A25FE83326F0CE1D006D7808 /* ThemeWindow.swift */; };
		A25FE83826F0CE69006D7808 /* UIWindow+Extension.swift in Sources */ = {isa = PBXBuildFile; fileRef = A25FE83726F0CE69006D7808 /* UIWindow+Extension.swift */; };
		A25FE83926F0CE69006D7808 /* UIWindow+Extension.swift in Sources */ = {isa = PBXBuildFile; fileRef = A25FE83726F0CE69006D7808 /* UIWindow+Extension.swift */; };
		A25FE83A26F0CE69006D7808 /* UIWindow+Extension.swift in Sources */ = {isa = PBXBuildFile; fileRef = A25FE83726F0CE69006D7808 /* UIWindow+Extension.swift */; };
		A26632F726F4E1090036EEB7 /* TabBarMenu.swift in Sources */ = {isa = PBXBuildFile; fileRef = A26632F626F4E1090036EEB7 /* TabBarMenu.swift */; };
		A26632F826F4E1090036EEB7 /* TabBarMenu.swift in Sources */ = {isa = PBXBuildFile; fileRef = A26632F626F4E1090036EEB7 /* TabBarMenu.swift */; };
		A26632F926F4E1090036EEB7 /* TabBarMenu.swift in Sources */ = {isa = PBXBuildFile; fileRef = A26632F626F4E1090036EEB7 /* TabBarMenu.swift */; };
		A26632FB26F504050036EEB7 /* StorageService.swift in Sources */ = {isa = PBXBuildFile; fileRef = A26632FA26F504050036EEB7 /* StorageService.swift */; };
		A29F87BD26F4997F00B37D1A /* CoreDataService.swift in Sources */ = {isa = PBXBuildFile; fileRef = A29F87BB26F4997F00B37D1A /* CoreDataService.swift */; };
		A29F87BE26F4997F00B37D1A /* CoreDataService.swift in Sources */ = {isa = PBXBuildFile; fileRef = A29F87BB26F4997F00B37D1A /* CoreDataService.swift */; };
		A29F87BF26F4997F00B37D1A /* CoreDataService.swift in Sources */ = {isa = PBXBuildFile; fileRef = A29F87BB26F4997F00B37D1A /* CoreDataService.swift */; };
		A29F87C026F4997F00B37D1A /* CoreDataStack.swift in Sources */ = {isa = PBXBuildFile; fileRef = A29F87BC26F4997F00B37D1A /* CoreDataStack.swift */; };
		A29F87C126F4997F00B37D1A /* CoreDataStack.swift in Sources */ = {isa = PBXBuildFile; fileRef = A29F87BC26F4997F00B37D1A /* CoreDataStack.swift */; };
		A29F87C226F4997F00B37D1A /* CoreDataStack.swift in Sources */ = {isa = PBXBuildFile; fileRef = A29F87BC26F4997F00B37D1A /* CoreDataStack.swift */; };
		A29F87C826F4A2FE00B37D1A /* CoreDataServiceProtocol.swift in Sources */ = {isa = PBXBuildFile; fileRef = A29F87C726F4A2FE00B37D1A /* CoreDataServiceProtocol.swift */; };
		A29F87C926F4A2FE00B37D1A /* CoreDataServiceProtocol.swift in Sources */ = {isa = PBXBuildFile; fileRef = A29F87C726F4A2FE00B37D1A /* CoreDataServiceProtocol.swift */; };
		A29F87CA26F4A2FE00B37D1A /* CoreDataServiceProtocol.swift in Sources */ = {isa = PBXBuildFile; fileRef = A29F87C726F4A2FE00B37D1A /* CoreDataServiceProtocol.swift */; };
		A29F87D026F4A39000B37D1A /* CoreDataServiceError.swift in Sources */ = {isa = PBXBuildFile; fileRef = A29F87CF26F4A39000B37D1A /* CoreDataServiceError.swift */; };
		A29F87D126F4A39000B37D1A /* CoreDataServiceError.swift in Sources */ = {isa = PBXBuildFile; fileRef = A29F87CF26F4A39000B37D1A /* CoreDataServiceError.swift */; };
		A29F87D226F4A39000B37D1A /* CoreDataServiceError.swift in Sources */ = {isa = PBXBuildFile; fileRef = A29F87CF26F4A39000B37D1A /* CoreDataServiceError.swift */; };
		A29F87D726F4B2F200B37D1A /* Memes.xcdatamodeld in Sources */ = {isa = PBXBuildFile; fileRef = A29F87D526F4B2F200B37D1A /* Memes.xcdatamodeld */; };
		A29F87D826F4B2F200B37D1A /* Memes.xcdatamodeld in Sources */ = {isa = PBXBuildFile; fileRef = A29F87D526F4B2F200B37D1A /* Memes.xcdatamodeld */; };
		A29F87D926F4B2F200B37D1A /* Memes.xcdatamodeld in Sources */ = {isa = PBXBuildFile; fileRef = A29F87D526F4B2F200B37D1A /* Memes.xcdatamodeld */; };
		A29F87DC26F4B35900B37D1A /* DBMeme+CoreDataClass.swift in Sources */ = {isa = PBXBuildFile; fileRef = A29F87DA26F4B35900B37D1A /* DBMeme+CoreDataClass.swift */; };
		A29F87DD26F4B35900B37D1A /* DBMeme+CoreDataClass.swift in Sources */ = {isa = PBXBuildFile; fileRef = A29F87DA26F4B35900B37D1A /* DBMeme+CoreDataClass.swift */; };
		A29F87DE26F4B35900B37D1A /* DBMeme+CoreDataClass.swift in Sources */ = {isa = PBXBuildFile; fileRef = A29F87DA26F4B35900B37D1A /* DBMeme+CoreDataClass.swift */; };
		A29F87DF26F4B35900B37D1A /* DBMeme+CoreDataProperties.swift in Sources */ = {isa = PBXBuildFile; fileRef = A29F87DB26F4B35900B37D1A /* DBMeme+CoreDataProperties.swift */; };
		A29F87E026F4B35900B37D1A /* DBMeme+CoreDataProperties.swift in Sources */ = {isa = PBXBuildFile; fileRef = A29F87DB26F4B35900B37D1A /* DBMeme+CoreDataProperties.swift */; };
		A29F87E126F4B35900B37D1A /* DBMeme+CoreDataProperties.swift in Sources */ = {isa = PBXBuildFile; fileRef = A29F87DB26F4B35900B37D1A /* DBMeme+CoreDataProperties.swift */; };
		A2A755BB26E8C5F700578F92 /* LibraryViewController.swift in Sources */ = {isa = PBXBuildFile; fileRef = A2A755B726E8C5F700578F92 /* LibraryViewController.swift */; };
		A2A755BC26E8C5F700578F92 /* MemeCollectionView.swift in Sources */ = {isa = PBXBuildFile; fileRef = A2A755B926E8C5F700578F92 /* MemeCollectionView.swift */; };
		A2A755BD26E8C5F700578F92 /* MemeCell.swift in Sources */ = {isa = PBXBuildFile; fileRef = A2A755BA26E8C5F700578F92 /* MemeCell.swift */; };
		A2A755BE26E8CAA300578F92 /* LibraryViewController.swift in Sources */ = {isa = PBXBuildFile; fileRef = A2A755B726E8C5F700578F92 /* LibraryViewController.swift */; };
		A2A755BF26E8CAA400578F92 /* LibraryViewController.swift in Sources */ = {isa = PBXBuildFile; fileRef = A2A755B726E8C5F700578F92 /* LibraryViewController.swift */; };
		A2A755C026E8CAAA00578F92 /* MemeCollectionView.swift in Sources */ = {isa = PBXBuildFile; fileRef = A2A755B926E8C5F700578F92 /* MemeCollectionView.swift */; };
		A2A755C126E8CAAB00578F92 /* MemeCollectionView.swift in Sources */ = {isa = PBXBuildFile; fileRef = A2A755B926E8C5F700578F92 /* MemeCollectionView.swift */; };
		A2A755C226E8CAAD00578F92 /* MemeCell.swift in Sources */ = {isa = PBXBuildFile; fileRef = A2A755BA26E8C5F700578F92 /* MemeCell.swift */; };
		A2A755C326E8CAAE00578F92 /* MemeCell.swift in Sources */ = {isa = PBXBuildFile; fileRef = A2A755BA26E8C5F700578F92 /* MemeCell.swift */; };
		A2A755CA26E914F000578F92 /* TopMemesViewController.swift in Sources */ = {isa = PBXBuildFile; fileRef = A2A755C626E914F000578F92 /* TopMemesViewController.swift */; };
		A2A755CE26E91C7E00578F92 /* Meme.swift in Sources */ = {isa = PBXBuildFile; fileRef = A2A755CD26E91C7E00578F92 /* Meme.swift */; };
		A2A755CF26E91C7E00578F92 /* Meme.swift in Sources */ = {isa = PBXBuildFile; fileRef = A2A755CD26E91C7E00578F92 /* Meme.swift */; };
		A2A755D026E91C7E00578F92 /* Meme.swift in Sources */ = {isa = PBXBuildFile; fileRef = A2A755CD26E91C7E00578F92 /* Meme.swift */; };
		A2A755D226E93FCC00578F92 /* Constants.swift in Sources */ = {isa = PBXBuildFile; fileRef = A2A755D126E93FCC00578F92 /* Constants.swift */; };
		A2A755D326E93FCC00578F92 /* Constants.swift in Sources */ = {isa = PBXBuildFile; fileRef = A2A755D126E93FCC00578F92 /* Constants.swift */; };
		A2A755D426E93FCC00578F92 /* Constants.swift in Sources */ = {isa = PBXBuildFile; fileRef = A2A755D126E93FCC00578F92 /* Constants.swift */; };
		A2A755DB26E9443600578F92 /* UIView+Extension.swift in Sources */ = {isa = PBXBuildFile; fileRef = A2A755DA26E9443600578F92 /* UIView+Extension.swift */; };
		A2A755DC26E9443600578F92 /* UIView+Extension.swift in Sources */ = {isa = PBXBuildFile; fileRef = A2A755DA26E9443600578F92 /* UIView+Extension.swift */; };
		A2A755DD26E9443600578F92 /* UIView+Extension.swift in Sources */ = {isa = PBXBuildFile; fileRef = A2A755DA26E9443600578F92 /* UIView+Extension.swift */; };
		A2A755E026E94D2E00578F92 /* NetworkServiceProtocol.swift in Sources */ = {isa = PBXBuildFile; fileRef = A2A755DF26E94D2E00578F92 /* NetworkServiceProtocol.swift */; };
		A2A755E126E94D2E00578F92 /* NetworkServiceProtocol.swift in Sources */ = {isa = PBXBuildFile; fileRef = A2A755DF26E94D2E00578F92 /* NetworkServiceProtocol.swift */; };
		A2A755E226E94D2E00578F92 /* NetworkServiceProtocol.swift in Sources */ = {isa = PBXBuildFile; fileRef = A2A755DF26E94D2E00578F92 /* NetworkServiceProtocol.swift */; };
		A2A755E426E94E5300578F92 /* MemeDataResponse.swift in Sources */ = {isa = PBXBuildFile; fileRef = A2A755E326E94E5300578F92 /* MemeDataResponse.swift */; };
		A2A755E526E94E5300578F92 /* MemeDataResponse.swift in Sources */ = {isa = PBXBuildFile; fileRef = A2A755E326E94E5300578F92 /* MemeDataResponse.swift */; };
		A2A755E626E94E5300578F92 /* MemeDataResponse.swift in Sources */ = {isa = PBXBuildFile; fileRef = A2A755E326E94E5300578F92 /* MemeDataResponse.swift */; };
		A2A755E826E94E7A00578F92 /* NetworkServiceError.swift in Sources */ = {isa = PBXBuildFile; fileRef = A2A755E726E94E7A00578F92 /* NetworkServiceError.swift */; };
		A2A755E926E94E7A00578F92 /* NetworkServiceError.swift in Sources */ = {isa = PBXBuildFile; fileRef = A2A755E726E94E7A00578F92 /* NetworkServiceError.swift */; };
		A2A755EA26E94E7A00578F92 /* NetworkServiceError.swift in Sources */ = {isa = PBXBuildFile; fileRef = A2A755E726E94E7A00578F92 /* NetworkServiceError.swift */; };
		A2A755EC26E950E200578F92 /* NetworkService.swift in Sources */ = {isa = PBXBuildFile; fileRef = A2A755EB26E950E200578F92 /* NetworkService.swift */; };
		A2A755ED26E950E200578F92 /* NetworkService.swift in Sources */ = {isa = PBXBuildFile; fileRef = A2A755EB26E950E200578F92 /* NetworkService.swift */; };
		A2A755EE26E950E200578F92 /* NetworkService.swift in Sources */ = {isa = PBXBuildFile; fileRef = A2A755EB26E950E200578F92 /* NetworkService.swift */; };
		A2A755F126EA1D5800578F92 /* HTTPMethods.swift in Sources */ = {isa = PBXBuildFile; fileRef = A2A755F026EA1D5800578F92 /* HTTPMethods.swift */; };
		A2A755F226EA1D5800578F92 /* HTTPMethods.swift in Sources */ = {isa = PBXBuildFile; fileRef = A2A755F026EA1D5800578F92 /* HTTPMethods.swift */; };
		A2A755F326EA1D5800578F92 /* HTTPMethods.swift in Sources */ = {isa = PBXBuildFile; fileRef = A2A755F026EA1D5800578F92 /* HTTPMethods.swift */; };
		A2A755F526EA2ED000578F92 /* UIViewController+Extension.swift in Sources */ = {isa = PBXBuildFile; fileRef = A2A755F426EA2ED000578F92 /* UIViewController+Extension.swift */; };
		A2A755F626EA2ED000578F92 /* UIViewController+Extension.swift in Sources */ = {isa = PBXBuildFile; fileRef = A2A755F426EA2ED000578F92 /* UIViewController+Extension.swift */; };
		A2A755F726EA2ED000578F92 /* UIViewController+Extension.swift in Sources */ = {isa = PBXBuildFile; fileRef = A2A755F426EA2ED000578F92 /* UIViewController+Extension.swift */; };
		A2A755FD26EA373B00578F92 /* MemesCollection.swift in Sources */ = {isa = PBXBuildFile; fileRef = A2A755FC26EA373B00578F92 /* MemesCollection.swift */; };
		A2A755FE26EA373B00578F92 /* MemesCollection.swift in Sources */ = {isa = PBXBuildFile; fileRef = A2A755FC26EA373B00578F92 /* MemesCollection.swift */; };
		A2A755FF26EA373B00578F92 /* MemesCollection.swift in Sources */ = {isa = PBXBuildFile; fileRef = A2A755FC26EA373B00578F92 /* MemesCollection.swift */; };
		A2A7561E26EA489B00578F92 /* Category.swift in Sources */ = {isa = PBXBuildFile; fileRef = A2A7561D26EA489B00578F92 /* Category.swift */; };
		A2A7561F26EA489B00578F92 /* Category.swift in Sources */ = {isa = PBXBuildFile; fileRef = A2A7561D26EA489B00578F92 /* Category.swift */; };
		A2A7562026EA489B00578F92 /* Category.swift in Sources */ = {isa = PBXBuildFile; fileRef = A2A7561D26EA489B00578F92 /* Category.swift */; };
		A2A7562226EA648000578F92 /* SectionHeader.swift in Sources */ = {isa = PBXBuildFile; fileRef = A2A7562126EA648000578F92 /* SectionHeader.swift */; };
		A2A7562326EA648000578F92 /* SectionHeader.swift in Sources */ = {isa = PBXBuildFile; fileRef = A2A7562126EA648000578F92 /* SectionHeader.swift */; };
		A2A7562426EA648000578F92 /* SectionHeader.swift in Sources */ = {isa = PBXBuildFile; fileRef = A2A7562126EA648000578F92 /* SectionHeader.swift */; };
		A2A7565C26EB9B2C00578F92 /* TopMemesViewController.swift in Sources */ = {isa = PBXBuildFile; fileRef = A2A755C626E914F000578F92 /* TopMemesViewController.swift */; };
		A2A7565D26EB9B2C00578F92 /* TopMemesViewController.swift in Sources */ = {isa = PBXBuildFile; fileRef = A2A755C626E914F000578F92 /* TopMemesViewController.swift */; };
		A2A7565F26EBA48F00578F92 /* MemesCollectionTests.swift in Sources */ = {isa = PBXBuildFile; fileRef = A2A7565E26EBA48F00578F92 /* MemesCollectionTests.swift */; };
		A2A7566126ECDD8D00578F92 /* UIImageView+Extension.swift in Sources */ = {isa = PBXBuildFile; fileRef = A2A7566026ECDD8C00578F92 /* UIImageView+Extension.swift */; };
		A2A7566226ECDD8D00578F92 /* UIImageView+Extension.swift in Sources */ = {isa = PBXBuildFile; fileRef = A2A7566026ECDD8C00578F92 /* UIImageView+Extension.swift */; };
		A2A7566326ECDD8D00578F92 /* UIImageView+Extension.swift in Sources */ = {isa = PBXBuildFile; fileRef = A2A7566026ECDD8C00578F92 /* UIImageView+Extension.swift */; };
		A2A7566526ED2E6100578F92 /* PreviewViewController.swift in Sources */ = {isa = PBXBuildFile; fileRef = A2A7566426ED2E6100578F92 /* PreviewViewController.swift */; };
		A2A7566626ED2E6100578F92 /* PreviewViewController.swift in Sources */ = {isa = PBXBuildFile; fileRef = A2A7566426ED2E6100578F92 /* PreviewViewController.swift */; };
		A2A7566726ED2E6100578F92 /* PreviewViewController.swift in Sources */ = {isa = PBXBuildFile; fileRef = A2A7566426ED2E6100578F92 /* PreviewViewController.swift */; };
		A2A7566926ED2EC000578F92 /* EditViewController.swift in Sources */ = {isa = PBXBuildFile; fileRef = A2A7566826ED2EC000578F92 /* EditViewController.swift */; };
		A2A7566A26ED2EC000578F92 /* EditViewController.swift in Sources */ = {isa = PBXBuildFile; fileRef = A2A7566826ED2EC000578F92 /* EditViewController.swift */; };
		A2A7566B26ED2EC000578F92 /* EditViewController.swift in Sources */ = {isa = PBXBuildFile; fileRef = A2A7566826ED2EC000578F92 /* EditViewController.swift */; };
		A2A7567126ED2FAD00578F92 /* Preview.swift in Sources */ = {isa = PBXBuildFile; fileRef = A2A7567026ED2FAD00578F92 /* Preview.swift */; };
		A2A7567226ED2FAD00578F92 /* Preview.swift in Sources */ = {isa = PBXBuildFile; fileRef = A2A7567026ED2FAD00578F92 /* Preview.swift */; };
		A2A7567326ED2FAD00578F92 /* Preview.swift in Sources */ = {isa = PBXBuildFile; fileRef = A2A7567026ED2FAD00578F92 /* Preview.swift */; };
		A2B1899F26F76DA00014C337 /* PreviewMeme.swift in Sources */ = {isa = PBXBuildFile; fileRef = A2B1899E26F76DA00014C337 /* PreviewMeme.swift */; };
		A2B189A026F76DA00014C337 /* PreviewMeme.swift in Sources */ = {isa = PBXBuildFile; fileRef = A2B1899E26F76DA00014C337 /* PreviewMeme.swift */; };
		A2B189A126F76DA00014C337 /* PreviewMeme.swift in Sources */ = {isa = PBXBuildFile; fileRef = A2B1899E26F76DA00014C337 /* PreviewMeme.swift */; };
		A2B189AD26F7F7080014C337 /* Impacted.ttf in Resources */ = {isa = PBXBuildFile; fileRef = A2B189AA26F7F7080014C337 /* Impacted.ttf */; };
		A2B189AE26F7F7080014C337 /* impact.ttf in Resources */ = {isa = PBXBuildFile; fileRef = A2B189AB26F7F7080014C337 /* impact.ttf */; };
		A2B189AF26F7F7080014C337 /* unicode.impact.ttf in Resources */ = {isa = PBXBuildFile; fileRef = A2B189AC26F7F7080014C337 /* unicode.impact.ttf */; };
		A2B189B026F88D7F0014C337 /* StorageService.swift in Sources */ = {isa = PBXBuildFile; fileRef = A26632FA26F504050036EEB7 /* StorageService.swift */; };
		A2B189B126F88D800014C337 /* StorageService.swift in Sources */ = {isa = PBXBuildFile; fileRef = A26632FA26F504050036EEB7 /* StorageService.swift */; };
		A2B189B326F88F860014C337 /* PreviewMemeTests.swift in Sources */ = {isa = PBXBuildFile; fileRef = A2B189B226F88F860014C337 /* PreviewMemeTests.swift */; };
		A2B189B526F899BF0014C337 /* ConstantsTests.swift in Sources */ = {isa = PBXBuildFile; fileRef = A2B189B426F899BF0014C337 /* ConstantsTests.swift */; };
		A2B189B726F89C7F0014C337 /* NetworkServiceErrorTests.swift in Sources */ = {isa = PBXBuildFile; fileRef = A2B189B626F89C7F0014C337 /* NetworkServiceErrorTests.swift */; };
		A2B189B926F89EB70014C337 /* HTTPMethodsTests.swift in Sources */ = {isa = PBXBuildFile; fileRef = A2B189B826F89EB70014C337 /* HTTPMethodsTests.swift */; };
		A2B189BB26F8A3120014C337 /* StorageServiceTests.swift in Sources */ = {isa = PBXBuildFile; fileRef = A2B189BA26F8A3120014C337 /* StorageServiceTests.swift */; };
		A2B189BD26F8A6140014C337 /* CoreDataServiceErrorTests.swift in Sources */ = {isa = PBXBuildFile; fileRef = A2B189BC26F8A6140014C337 /* CoreDataServiceErrorTests.swift */; };
		A2B189BF26F8A7F10014C337 /* NetworkServiceTests.swift in Sources */ = {isa = PBXBuildFile; fileRef = A2B189BE26F8A7F10014C337 /* NetworkServiceTests.swift */; };
		A2B189C426F8ABC10014C337 /* CGFloatTests.swift in Sources */ = {isa = PBXBuildFile; fileRef = A2B189C326F8ABC10014C337 /* CGFloatTests.swift */; };
		A2B189C626F8AC9C0014C337 /* UIColorTests.swift in Sources */ = {isa = PBXBuildFile; fileRef = A2B189C526F8AC9C0014C337 /* UIColorTests.swift */; };
		A2B189C826F8B4E50014C337 /* SettingsScreen.swift in Sources */ = {isa = PBXBuildFile; fileRef = A2B189C726F8B4E50014C337 /* SettingsScreen.swift */; };
		A2BA6ADC26F8CBB900B16141 /* LibraryScreen.swift in Sources */ = {isa = PBXBuildFile; fileRef = A2BA6ADB26F8CBB900B16141 /* LibraryScreen.swift */; };
		A2BA6ADE26F8CBF200B16141 /* Page.swift in Sources */ = {isa = PBXBuildFile; fileRef = A2BA6ADD26F8CBF200B16141 /* Page.swift */; };
		A2BA6AE026F8D7FA00B16141 /* MocksTests.swift in Sources */ = {isa = PBXBuildFile; fileRef = A2BA6ADF26F8D7FA00B16141 /* MocksTests.swift */; };
		A2BA6AE226F8ECEF00B16141 /* json.txt in Resources */ = {isa = PBXBuildFile; fileRef = A2BA6AE126F8ECEF00B16141 /* json.txt */; };
		A2BA6AE726F8FF3800B16141 /* SnapshotTests.swift in Sources */ = {isa = PBXBuildFile; fileRef = A2BA6AE626F8FF3800B16141 /* SnapshotTests.swift */; };
		A2BA6AEA26F90DCD00B16141 /* SnapshotTesting in Frameworks */ = {isa = PBXBuildFile; productRef = A2BA6AE926F90DCD00B16141 /* SnapshotTesting */; };
		A2DA8D2C26E2631F004387F4 /* AppDelegate.swift in Sources */ = {isa = PBXBuildFile; fileRef = A2DA8D2B26E2631F004387F4 /* AppDelegate.swift */; };
		A2DA8D2E26E2631F004387F4 /* SceneDelegate.swift in Sources */ = {isa = PBXBuildFile; fileRef = A2DA8D2D26E2631F004387F4 /* SceneDelegate.swift */; };
		A2DA8D3726E26323004387F4 /* Assets.xcassets in Resources */ = {isa = PBXBuildFile; fileRef = A2DA8D3626E26323004387F4 /* Assets.xcassets */; };
		A2DA8D3A26E26323004387F4 /* LaunchScreen.storyboard in Resources */ = {isa = PBXBuildFile; fileRef = A2DA8D3826E26323004387F4 /* LaunchScreen.storyboard */; };
		A2DA8D4526E26324004387F4 /* MemeGeneratorTests.swift in Sources */ = {isa = PBXBuildFile; fileRef = A2DA8D4426E26324004387F4 /* MemeGeneratorTests.swift */; };
		A2DA8D5026E26324004387F4 /* MemeGeneratorUITests.swift in Sources */ = {isa = PBXBuildFile; fileRef = A2DA8D4F26E26324004387F4 /* MemeGeneratorUITests.swift */; };
		A2DA8D5D26E263CE004387F4 /* AppDelegate.swift in Sources */ = {isa = PBXBuildFile; fileRef = A2DA8D2B26E2631F004387F4 /* AppDelegate.swift */; };
		A2DA8D5E26E263CF004387F4 /* AppDelegate.swift in Sources */ = {isa = PBXBuildFile; fileRef = A2DA8D2B26E2631F004387F4 /* AppDelegate.swift */; };
		A2DA8D5F26E263D3004387F4 /* SceneDelegate.swift in Sources */ = {isa = PBXBuildFile; fileRef = A2DA8D2D26E2631F004387F4 /* SceneDelegate.swift */; };
		A2DA8D6126E263D3004387F4 /* SceneDelegate.swift in Sources */ = {isa = PBXBuildFile; fileRef = A2DA8D2D26E2631F004387F4 /* SceneDelegate.swift */; };
		A2DA8D6426E283E6004387F4 /* .swiftlint.yml in Resources */ = {isa = PBXBuildFile; fileRef = A2DA8D6326E283E6004387F4 /* .swiftlint.yml */; };
		A2DA8D6626E28417004387F4 /* ToDo.md in Resources */ = {isa = PBXBuildFile; fileRef = A2DA8D6526E28417004387F4 /* ToDo.md */; };
/* End PBXBuildFile section */

/* Begin PBXContainerItemProxy section */
		A2DA8D4126E26324004387F4 /* PBXContainerItemProxy */ = {
			isa = PBXContainerItemProxy;
			containerPortal = A2DA8D2026E2631F004387F4 /* Project object */;
			proxyType = 1;
			remoteGlobalIDString = A2DA8D2726E2631F004387F4;
			remoteInfo = MemeGenerator;
		};
		A2DA8D4C26E26324004387F4 /* PBXContainerItemProxy */ = {
			isa = PBXContainerItemProxy;
			containerPortal = A2DA8D2026E2631F004387F4 /* Project object */;
			proxyType = 1;
			remoteGlobalIDString = A2DA8D2726E2631F004387F4;
			remoteInfo = MemeGenerator;
		};
/* End PBXContainerItemProxy section */

/* Begin PBXFileReference section */
		A25FE80826EE13E7006D7808 /* EditorView.swift */ = {isa = PBXFileReference; lastKnownFileType = sourcecode.swift; path = EditorView.swift; sourceTree = "<group>"; };
		A25FE81326EFD285006D7808 /* SettingsViewController.swift */ = {isa = PBXFileReference; lastKnownFileType = sourcecode.swift; path = SettingsViewController.swift; sourceTree = "<group>"; };
		A25FE81E26EFDD94006D7808 /* SettingTableViewCell.swift */ = {isa = PBXFileReference; fileEncoding = 4; lastKnownFileType = sourcecode.swift; path = SettingTableViewCell.swift; sourceTree = "<group>"; };
		A25FE82226F0AB81006D7808 /* UIColor+Extension.swift */ = {isa = PBXFileReference; lastKnownFileType = sourcecode.swift; path = "UIColor+Extension.swift"; sourceTree = "<group>"; };
		A25FE82626F0AD61006D7808 /* CGFloat+Extension.swift */ = {isa = PBXFileReference; lastKnownFileType = sourcecode.swift; path = "CGFloat+Extension.swift"; sourceTree = "<group>"; };
		A25FE82A26F0C976006D7808 /* Persist.swift */ = {isa = PBXFileReference; lastKnownFileType = sourcecode.swift; path = Persist.swift; sourceTree = "<group>"; };
		A25FE82E26F0CB2A006D7808 /* Theme.swift */ = {isa = PBXFileReference; lastKnownFileType = sourcecode.swift; path = Theme.swift; sourceTree = "<group>"; };
		A25FE83326F0CE1D006D7808 /* ThemeWindow.swift */ = {isa = PBXFileReference; lastKnownFileType = sourcecode.swift; path = ThemeWindow.swift; sourceTree = "<group>"; };
		A25FE83726F0CE69006D7808 /* UIWindow+Extension.swift */ = {isa = PBXFileReference; lastKnownFileType = sourcecode.swift; path = "UIWindow+Extension.swift"; sourceTree = "<group>"; };
		A26632F626F4E1090036EEB7 /* TabBarMenu.swift */ = {isa = PBXFileReference; lastKnownFileType = sourcecode.swift; path = TabBarMenu.swift; sourceTree = "<group>"; };
		A26632FA26F504050036EEB7 /* StorageService.swift */ = {isa = PBXFileReference; fileEncoding = 4; lastKnownFileType = sourcecode.swift; path = StorageService.swift; sourceTree = "<group>"; };
		A29F87BB26F4997F00B37D1A /* CoreDataService.swift */ = {isa = PBXFileReference; fileEncoding = 4; lastKnownFileType = sourcecode.swift; path = CoreDataService.swift; sourceTree = "<group>"; };
		A29F87BC26F4997F00B37D1A /* CoreDataStack.swift */ = {isa = PBXFileReference; fileEncoding = 4; lastKnownFileType = sourcecode.swift; path = CoreDataStack.swift; sourceTree = "<group>"; };
		A29F87C726F4A2FE00B37D1A /* CoreDataServiceProtocol.swift */ = {isa = PBXFileReference; lastKnownFileType = sourcecode.swift; path = CoreDataServiceProtocol.swift; sourceTree = "<group>"; };
		A29F87CF26F4A39000B37D1A /* CoreDataServiceError.swift */ = {isa = PBXFileReference; lastKnownFileType = sourcecode.swift; path = CoreDataServiceError.swift; sourceTree = "<group>"; };
		A29F87D626F4B2F200B37D1A /* Memes.xcdatamodel */ = {isa = PBXFileReference; lastKnownFileType = wrapper.xcdatamodel; path = Memes.xcdatamodel; sourceTree = "<group>"; };
		A29F87DA26F4B35900B37D1A /* DBMeme+CoreDataClass.swift */ = {isa = PBXFileReference; lastKnownFileType = sourcecode.swift; path = "DBMeme+CoreDataClass.swift"; sourceTree = "<group>"; };
		A29F87DB26F4B35900B37D1A /* DBMeme+CoreDataProperties.swift */ = {isa = PBXFileReference; lastKnownFileType = sourcecode.swift; path = "DBMeme+CoreDataProperties.swift"; sourceTree = "<group>"; };
		A2A755B726E8C5F700578F92 /* LibraryViewController.swift */ = {isa = PBXFileReference; fileEncoding = 4; lastKnownFileType = sourcecode.swift; path = LibraryViewController.swift; sourceTree = "<group>"; };
		A2A755B926E8C5F700578F92 /* MemeCollectionView.swift */ = {isa = PBXFileReference; fileEncoding = 4; lastKnownFileType = sourcecode.swift; path = MemeCollectionView.swift; sourceTree = "<group>"; };
		A2A755BA26E8C5F700578F92 /* MemeCell.swift */ = {isa = PBXFileReference; fileEncoding = 4; lastKnownFileType = sourcecode.swift; path = MemeCell.swift; sourceTree = "<group>"; };
		A2A755C626E914F000578F92 /* TopMemesViewController.swift */ = {isa = PBXFileReference; fileEncoding = 4; lastKnownFileType = sourcecode.swift; path = TopMemesViewController.swift; sourceTree = "<group>"; };
		A2A755CD26E91C7E00578F92 /* Meme.swift */ = {isa = PBXFileReference; lastKnownFileType = sourcecode.swift; path = Meme.swift; sourceTree = "<group>"; };
		A2A755D126E93FCC00578F92 /* Constants.swift */ = {isa = PBXFileReference; lastKnownFileType = sourcecode.swift; path = Constants.swift; sourceTree = "<group>"; };
		A2A755DA26E9443600578F92 /* UIView+Extension.swift */ = {isa = PBXFileReference; lastKnownFileType = sourcecode.swift; path = "UIView+Extension.swift"; sourceTree = "<group>"; };
		A2A755DF26E94D2E00578F92 /* NetworkServiceProtocol.swift */ = {isa = PBXFileReference; lastKnownFileType = sourcecode.swift; path = NetworkServiceProtocol.swift; sourceTree = "<group>"; };
		A2A755E326E94E5300578F92 /* MemeDataResponse.swift */ = {isa = PBXFileReference; lastKnownFileType = sourcecode.swift; path = MemeDataResponse.swift; sourceTree = "<group>"; };
		A2A755E726E94E7A00578F92 /* NetworkServiceError.swift */ = {isa = PBXFileReference; lastKnownFileType = sourcecode.swift; path = NetworkServiceError.swift; sourceTree = "<group>"; };
		A2A755EB26E950E200578F92 /* NetworkService.swift */ = {isa = PBXFileReference; lastKnownFileType = sourcecode.swift; path = NetworkService.swift; sourceTree = "<group>"; };
		A2A755F026EA1D5800578F92 /* HTTPMethods.swift */ = {isa = PBXFileReference; lastKnownFileType = sourcecode.swift; path = HTTPMethods.swift; sourceTree = "<group>"; };
		A2A755F426EA2ED000578F92 /* UIViewController+Extension.swift */ = {isa = PBXFileReference; lastKnownFileType = sourcecode.swift; path = "UIViewController+Extension.swift"; sourceTree = "<group>"; };
		A2A755FC26EA373B00578F92 /* MemesCollection.swift */ = {isa = PBXFileReference; lastKnownFileType = sourcecode.swift; path = MemesCollection.swift; sourceTree = "<group>"; };
		A2A7561D26EA489B00578F92 /* Category.swift */ = {isa = PBXFileReference; fileEncoding = 4; lastKnownFileType = sourcecode.swift; path = Category.swift; sourceTree = "<group>"; };
		A2A7562126EA648000578F92 /* SectionHeader.swift */ = {isa = PBXFileReference; lastKnownFileType = sourcecode.swift; path = SectionHeader.swift; sourceTree = "<group>"; };
		A2A7565E26EBA48F00578F92 /* MemesCollectionTests.swift */ = {isa = PBXFileReference; lastKnownFileType = sourcecode.swift; path = MemesCollectionTests.swift; sourceTree = "<group>"; };
		A2A7566026ECDD8C00578F92 /* UIImageView+Extension.swift */ = {isa = PBXFileReference; lastKnownFileType = sourcecode.swift; path = "UIImageView+Extension.swift"; sourceTree = "<group>"; };
		A2A7566426ED2E6100578F92 /* PreviewViewController.swift */ = {isa = PBXFileReference; lastKnownFileType = sourcecode.swift; path = PreviewViewController.swift; sourceTree = "<group>"; };
		A2A7566826ED2EC000578F92 /* EditViewController.swift */ = {isa = PBXFileReference; lastKnownFileType = sourcecode.swift; path = EditViewController.swift; sourceTree = "<group>"; };
		A2A7567026ED2FAD00578F92 /* Preview.swift */ = {isa = PBXFileReference; lastKnownFileType = sourcecode.swift; path = Preview.swift; sourceTree = "<group>"; };
		A2B1899E26F76DA00014C337 /* PreviewMeme.swift */ = {isa = PBXFileReference; lastKnownFileType = sourcecode.swift; path = PreviewMeme.swift; sourceTree = "<group>"; };
		A2B189AA26F7F7080014C337 /* Impacted.ttf */ = {isa = PBXFileReference; lastKnownFileType = file; path = Impacted.ttf; sourceTree = "<group>"; };
		A2B189AB26F7F7080014C337 /* impact.ttf */ = {isa = PBXFileReference; lastKnownFileType = file; path = impact.ttf; sourceTree = "<group>"; };
		A2B189AC26F7F7080014C337 /* unicode.impact.ttf */ = {isa = PBXFileReference; lastKnownFileType = file; path = unicode.impact.ttf; sourceTree = "<group>"; };
		A2B189B226F88F860014C337 /* PreviewMemeTests.swift */ = {isa = PBXFileReference; lastKnownFileType = sourcecode.swift; path = PreviewMemeTests.swift; sourceTree = "<group>"; };
		A2B189B426F899BF0014C337 /* ConstantsTests.swift */ = {isa = PBXFileReference; lastKnownFileType = sourcecode.swift; path = ConstantsTests.swift; sourceTree = "<group>"; };
		A2B189B626F89C7F0014C337 /* NetworkServiceErrorTests.swift */ = {isa = PBXFileReference; lastKnownFileType = sourcecode.swift; path = NetworkServiceErrorTests.swift; sourceTree = "<group>"; };
		A2B189B826F89EB70014C337 /* HTTPMethodsTests.swift */ = {isa = PBXFileReference; lastKnownFileType = sourcecode.swift; path = HTTPMethodsTests.swift; sourceTree = "<group>"; };
		A2B189BA26F8A3120014C337 /* StorageServiceTests.swift */ = {isa = PBXFileReference; lastKnownFileType = sourcecode.swift; path = StorageServiceTests.swift; sourceTree = "<group>"; };
		A2B189BC26F8A6140014C337 /* CoreDataServiceErrorTests.swift */ = {isa = PBXFileReference; lastKnownFileType = sourcecode.swift; path = CoreDataServiceErrorTests.swift; sourceTree = "<group>"; };
		A2B189BE26F8A7F10014C337 /* NetworkServiceTests.swift */ = {isa = PBXFileReference; lastKnownFileType = sourcecode.swift; path = NetworkServiceTests.swift; sourceTree = "<group>"; };
		A2B189C326F8ABC10014C337 /* CGFloatTests.swift */ = {isa = PBXFileReference; lastKnownFileType = sourcecode.swift; path = CGFloatTests.swift; sourceTree = "<group>"; };
		A2B189C526F8AC9C0014C337 /* UIColorTests.swift */ = {isa = PBXFileReference; lastKnownFileType = sourcecode.swift; path = UIColorTests.swift; sourceTree = "<group>"; };
		A2B189C726F8B4E50014C337 /* SettingsScreen.swift */ = {isa = PBXFileReference; lastKnownFileType = sourcecode.swift; path = SettingsScreen.swift; sourceTree = "<group>"; };
		A2BA6ADB26F8CBB900B16141 /* LibraryScreen.swift */ = {isa = PBXFileReference; lastKnownFileType = sourcecode.swift; path = LibraryScreen.swift; sourceTree = "<group>"; };
		A2BA6ADD26F8CBF200B16141 /* Page.swift */ = {isa = PBXFileReference; lastKnownFileType = sourcecode.swift; path = Page.swift; sourceTree = "<group>"; };
		A2BA6ADF26F8D7FA00B16141 /* MocksTests.swift */ = {isa = PBXFileReference; lastKnownFileType = sourcecode.swift; path = MocksTests.swift; sourceTree = "<group>"; };
		A2BA6AE126F8ECEF00B16141 /* json.txt */ = {isa = PBXFileReference; lastKnownFileType = text; path = json.txt; sourceTree = "<group>"; };
		A2BA6AE626F8FF3800B16141 /* SnapshotTests.swift */ = {isa = PBXFileReference; lastKnownFileType = sourcecode.swift; path = SnapshotTests.swift; sourceTree = "<group>"; };
		A2DA8D2826E2631F004387F4 /* MemeGenerator.app */ = {isa = PBXFileReference; explicitFileType = wrapper.application; includeInIndex = 0; path = MemeGenerator.app; sourceTree = BUILT_PRODUCTS_DIR; };
		A2DA8D2B26E2631F004387F4 /* AppDelegate.swift */ = {isa = PBXFileReference; lastKnownFileType = sourcecode.swift; path = AppDelegate.swift; sourceTree = "<group>"; };
		A2DA8D2D26E2631F004387F4 /* SceneDelegate.swift */ = {isa = PBXFileReference; lastKnownFileType = sourcecode.swift; path = SceneDelegate.swift; sourceTree = "<group>"; };
		A2DA8D3626E26323004387F4 /* Assets.xcassets */ = {isa = PBXFileReference; lastKnownFileType = folder.assetcatalog; path = Assets.xcassets; sourceTree = "<group>"; };
		A2DA8D3926E26323004387F4 /* Base */ = {isa = PBXFileReference; lastKnownFileType = file.storyboard; name = Base; path = Base.lproj/LaunchScreen.storyboard; sourceTree = "<group>"; };
		A2DA8D3B26E26323004387F4 /* Info.plist */ = {isa = PBXFileReference; lastKnownFileType = text.plist.xml; path = Info.plist; sourceTree = "<group>"; };
		A2DA8D4026E26324004387F4 /* MemeGeneratorTests.xctest */ = {isa = PBXFileReference; explicitFileType = wrapper.cfbundle; includeInIndex = 0; path = MemeGeneratorTests.xctest; sourceTree = BUILT_PRODUCTS_DIR; };
		A2DA8D4426E26324004387F4 /* MemeGeneratorTests.swift */ = {isa = PBXFileReference; lastKnownFileType = sourcecode.swift; path = MemeGeneratorTests.swift; sourceTree = "<group>"; };
		A2DA8D4626E26324004387F4 /* Info.plist */ = {isa = PBXFileReference; lastKnownFileType = text.plist.xml; path = Info.plist; sourceTree = "<group>"; };
		A2DA8D4B26E26324004387F4 /* MemeGeneratorUITests.xctest */ = {isa = PBXFileReference; explicitFileType = wrapper.cfbundle; includeInIndex = 0; path = MemeGeneratorUITests.xctest; sourceTree = BUILT_PRODUCTS_DIR; };
		A2DA8D4F26E26324004387F4 /* MemeGeneratorUITests.swift */ = {isa = PBXFileReference; lastKnownFileType = sourcecode.swift; path = MemeGeneratorUITests.swift; sourceTree = "<group>"; };
		A2DA8D5126E26324004387F4 /* Info.plist */ = {isa = PBXFileReference; lastKnownFileType = text.plist.xml; path = Info.plist; sourceTree = "<group>"; };
		A2DA8D6326E283E6004387F4 /* .swiftlint.yml */ = {isa = PBXFileReference; fileEncoding = 4; lastKnownFileType = text.yaml; path = .swiftlint.yml; sourceTree = "<group>"; };
		A2DA8D6526E28417004387F4 /* ToDo.md */ = {isa = PBXFileReference; fileEncoding = 4; lastKnownFileType = net.daringfireball.markdown; path = ToDo.md; sourceTree = "<group>"; };
/* End PBXFileReference section */

/* Begin PBXFrameworksBuildPhase section */
		A2DA8D2526E2631F004387F4 /* Frameworks */ = {
			isa = PBXFrameworksBuildPhase;
			buildActionMask = 2147483647;
			files = (
			);
			runOnlyForDeploymentPostprocessing = 0;
		};
		A2DA8D3D26E26324004387F4 /* Frameworks */ = {
			isa = PBXFrameworksBuildPhase;
			buildActionMask = 2147483647;
			files = (
			);
			runOnlyForDeploymentPostprocessing = 0;
		};
		A2DA8D4826E26324004387F4 /* Frameworks */ = {
			isa = PBXFrameworksBuildPhase;
			buildActionMask = 2147483647;
			files = (
				A2BA6AEA26F90DCD00B16141 /* SnapshotTesting in Frameworks */,
			);
			runOnlyForDeploymentPostprocessing = 0;
		};
/* End PBXFrameworksBuildPhase section */

/* Begin PBXGroup section */
		A25FE80726EE13C3006D7808 /* Controller */ = {
			isa = PBXGroup;
			children = (
				A2A7566826ED2EC000578F92 /* EditViewController.swift */,
			);
			path = Controller;
			sourceTree = "<group>";
		};
		A25FE80C26EE13FF006D7808 /* View */ = {
			isa = PBXGroup;
			children = (
				A25FE80826EE13E7006D7808 /* EditorView.swift */,
			);
			path = View;
			sourceTree = "<group>";
		};
		A25FE81726EFD28D006D7808 /* Settings */ = {
			isa = PBXGroup;
			children = (
				A25FE83226F0CB30006D7808 /* Theme */,
				A25FE81D26EFD2E4006D7808 /* View */,
				A25FE81C26EFD2DB006D7808 /* Controller */,
			);
			path = Settings;
			sourceTree = "<group>";
		};
		A25FE81C26EFD2DB006D7808 /* Controller */ = {
			isa = PBXGroup;
			children = (
				A25FE81326EFD285006D7808 /* SettingsViewController.swift */,
			);
			path = Controller;
			sourceTree = "<group>";
		};
		A25FE81D26EFD2E4006D7808 /* View */ = {
			isa = PBXGroup;
			children = (
				A25FE81E26EFDD94006D7808 /* SettingTableViewCell.swift */,
			);
			path = View;
			sourceTree = "<group>";
		};
		A25FE83226F0CB30006D7808 /* Theme */ = {
			isa = PBXGroup;
			children = (
				A25FE82E26F0CB2A006D7808 /* Theme.swift */,
			);
			path = Theme;
			sourceTree = "<group>";
		};
		A25FE83B26F0CE7A006D7808 /* UIWindow+Extension */ = {
			isa = PBXGroup;
			children = (
				A25FE83726F0CE69006D7808 /* UIWindow+Extension.swift */,
				A25FE83326F0CE1D006D7808 /* ThemeWindow.swift */,
			);
			path = "UIWindow+Extension";
			sourceTree = "<group>";
		};
		A29F87C326F49FDB00B37D1A /* CoreData Service */ = {
			isa = PBXGroup;
			children = (
				A29F87BC26F4997F00B37D1A /* CoreDataStack.swift */,
				A29F87C726F4A2FE00B37D1A /* CoreDataServiceProtocol.swift */,
				A29F87CF26F4A39000B37D1A /* CoreDataServiceError.swift */,
				A29F87BB26F4997F00B37D1A /* CoreDataService.swift */,
			);
			path = "CoreData Service";
			sourceTree = "<group>";
		};
		A29F87C426F49FF900B37D1A /* Services */ = {
			isa = PBXGroup;
			children = (
				A26632FA26F504050036EEB7 /* StorageService.swift */,
				A2A755EF26E950E900578F92 /* Network Service */,
				A29F87C326F49FDB00B37D1A /* CoreData Service */,
			);
			path = Services;
			sourceTree = "<group>";
		};
		A29F87C526F4A01300B37D1A /* UI */ = {
			isa = PBXGroup;
			children = (
				A2A755DE26E9443B00578F92 /* UIKit Extensions */,
				A2A755B826E8C5F700578F92 /* Collection Views */,
			);
			path = UI;
			sourceTree = "<group>";
		};
		A29F87C626F4A02D00B37D1A /* Screens */ = {
			isa = PBXGroup;
			children = (
				A26632F626F4E1090036EEB7 /* TabBarMenu.swift */,
				A25FE81726EFD28D006D7808 /* Settings */,
				A2A7566F26ED2F2900578F92 /* Library */,
				A2A7566C26ED2F0700578F92 /* Preview */,
				A2A7566E26ED2F1E00578F92 /* Top Memes */,
				A2A7566D26ED2F0F00578F92 /* Edit */,
			);
			path = Screens;
			sourceTree = "<group>";
		};
		A29F87D426F4A4E800B37D1A /* MemesAPIResponse */ = {
			isa = PBXGroup;
			children = (
				A2A755E326E94E5300578F92 /* MemeDataResponse.swift */,
				A2A755E726E94E7A00578F92 /* NetworkServiceError.swift */,
			);
			path = MemesAPIResponse;
			sourceTree = "<group>";
		};
		A2A755AE26E80B3100578F92 /* App and Scene Delegate */ = {
			isa = PBXGroup;
			children = (
				A2DA8D2B26E2631F004387F4 /* AppDelegate.swift */,
				A2DA8D2D26E2631F004387F4 /* SceneDelegate.swift */,
			);
			path = "App and Scene Delegate";
			sourceTree = "<group>";
		};
		A2A755AF26E80B6600578F92 /* Supporting Files */ = {
			isa = PBXGroup;
			children = (
				A2DA8D3B26E26323004387F4 /* Info.plist */,
			);
			path = "Supporting Files";
			sourceTree = "<group>";
		};
		A2A755B026E80B6A00578F92 /* Local Persistance */ = {
			isa = PBXGroup;
			children = (
				A25FE82A26F0C976006D7808 /* Persist.swift */,
				A29F87D526F4B2F200B37D1A /* Memes.xcdatamodeld */,
				A29F87DA26F4B35900B37D1A /* DBMeme+CoreDataClass.swift */,
				A29F87DB26F4B35900B37D1A /* DBMeme+CoreDataProperties.swift */,
			);
			path = "Local Persistance";
			sourceTree = "<group>";
		};
		A2A755B126E80B7400578F92 /* Storyboards */ = {
			isa = PBXGroup;
			children = (
				A2DA8D3826E26323004387F4 /* LaunchScreen.storyboard */,
			);
			path = Storyboards;
			sourceTree = "<group>";
		};
		A2A755B226E80B7800578F92 /* Resources */ = {
			isa = PBXGroup;
			children = (
				A2DA8D3626E26323004387F4 /* Assets.xcassets */,
				A2B189A926F7F7080014C337 /* Impact-Font */,
			);
			path = Resources;
			sourceTree = "<group>";
		};
		A2A755B426E80E8300578F92 /* Constants */ = {
			isa = PBXGroup;
			children = (
				A2A755D126E93FCC00578F92 /* Constants.swift */,
			);
			path = Constants;
			sourceTree = "<group>";
		};
		A2A755B526E8C5F700578F92 /* Library Controller */ = {
			isa = PBXGroup;
			children = (
				A2A755B726E8C5F700578F92 /* LibraryViewController.swift */,
			);
			path = "Library Controller";
			sourceTree = "<group>";
		};
		A2A755B826E8C5F700578F92 /* Collection Views */ = {
			isa = PBXGroup;
			children = (
				A2A755B926E8C5F700578F92 /* MemeCollectionView.swift */,
				A2A755BA26E8C5F700578F92 /* MemeCell.swift */,
				A2A7562126EA648000578F92 /* SectionHeader.swift */,
			);
			path = "Collection Views";
			sourceTree = "<group>";
		};
		A2A755C426E914F000578F92 /* Controller */ = {
			isa = PBXGroup;
			children = (
				A2A755C626E914F000578F92 /* TopMemesViewController.swift */,
			);
			path = Controller;
			sourceTree = "<group>";
		};
		A2A755D526E93FF100578F92 /* Model */ = {
			isa = PBXGroup;
			children = (
				A2A7561D26EA489B00578F92 /* Category.swift */,
				A2A755CD26E91C7E00578F92 /* Meme.swift */,
				A2A755FC26EA373B00578F92 /* MemesCollection.swift */,
			);
			path = Model;
			sourceTree = "<group>";
		};
		A2A755DE26E9443B00578F92 /* UIKit Extensions */ = {
			isa = PBXGroup;
			children = (
				A25FE82626F0AD61006D7808 /* CGFloat+Extension.swift */,
				A25FE82226F0AB81006D7808 /* UIColor+Extension.swift */,
				A2A755DA26E9443600578F92 /* UIView+Extension.swift */,
				A2A7566026ECDD8C00578F92 /* UIImageView+Extension.swift */,
				A2A755F426EA2ED000578F92 /* UIViewController+Extension.swift */,
				A25FE83B26F0CE7A006D7808 /* UIWindow+Extension */,
			);
			path = "UIKit Extensions";
			sourceTree = "<group>";
		};
		A2A755EF26E950E900578F92 /* Network Service */ = {
			isa = PBXGroup;
			children = (
				A2A755DF26E94D2E00578F92 /* NetworkServiceProtocol.swift */,
				A2A755EB26E950E200578F92 /* NetworkService.swift */,
				A29F87D426F4A4E800B37D1A /* MemesAPIResponse */,
				A2A755F026EA1D5800578F92 /* HTTPMethods.swift */,
			);
			path = "Network Service";
			sourceTree = "<group>";
		};
		A2A7566C26ED2F0700578F92 /* Preview */ = {
			isa = PBXGroup;
			children = (
				A2B189A226F76E950014C337 /* Model */,
				A2A7567426ED2FB200578F92 /* View */,
				A2A7567526ED2FC400578F92 /* Controller */,
			);
			path = Preview;
			sourceTree = "<group>";
		};
		A2A7566D26ED2F0F00578F92 /* Edit */ = {
			isa = PBXGroup;
			children = (
				A25FE80C26EE13FF006D7808 /* View */,
				A25FE80726EE13C3006D7808 /* Controller */,
			);
			path = Edit;
			sourceTree = "<group>";
		};
		A2A7566E26ED2F1E00578F92 /* Top Memes */ = {
			isa = PBXGroup;
			children = (
				A2A755D526E93FF100578F92 /* Model */,
				A2A755C426E914F000578F92 /* Controller */,
			);
			path = "Top Memes";
			sourceTree = "<group>";
		};
		A2A7566F26ED2F2900578F92 /* Library */ = {
			isa = PBXGroup;
			children = (
				A2A755B526E8C5F700578F92 /* Library Controller */,
			);
			path = Library;
			sourceTree = "<group>";
		};
		A2A7567426ED2FB200578F92 /* View */ = {
			isa = PBXGroup;
			children = (
				A2A7567026ED2FAD00578F92 /* Preview.swift */,
			);
			path = View;
			sourceTree = "<group>";
		};
		A2A7567526ED2FC400578F92 /* Controller */ = {
			isa = PBXGroup;
			children = (
				A2A7566426ED2E6100578F92 /* PreviewViewController.swift */,
			);
			path = Controller;
			sourceTree = "<group>";
		};
		A2B189A226F76E950014C337 /* Model */ = {
			isa = PBXGroup;
			children = (
				A2B1899E26F76DA00014C337 /* PreviewMeme.swift */,
			);
			path = Model;
			sourceTree = "<group>";
		};
		A2B189A926F7F7080014C337 /* Impact-Font */ = {
			isa = PBXGroup;
			children = (
				A2B189AA26F7F7080014C337 /* Impacted.ttf */,
				A2B189AB26F7F7080014C337 /* impact.ttf */,
				A2B189AC26F7F7080014C337 /* unicode.impact.ttf */,
			);
			path = "Impact-Font";
			sourceTree = "<group>";
		};
		A2B189C026F8A8DA0014C337 /* Models */ = {
			isa = PBXGroup;
			children = (
				A2A7565E26EBA48F00578F92 /* MemesCollectionTests.swift */,
				A2B189B226F88F860014C337 /* PreviewMemeTests.swift */,
			);
			path = Models;
			sourceTree = "<group>";
		};
		A2B189C226F8A8F70014C337 /* Network Service */ = {
			isa = PBXGroup;
			children = (
				A2BA6ADF26F8D7FA00B16141 /* MocksTests.swift */,
				A2B189BE26F8A7F10014C337 /* NetworkServiceTests.swift */,
				A2B189B626F89C7F0014C337 /* NetworkServiceErrorTests.swift */,
				A2B189B826F89EB70014C337 /* HTTPMethodsTests.swift */,
				A2BA6AE126F8ECEF00B16141 /* json.txt */,
			);
			path = "Network Service";
			sourceTree = "<group>";
		};
		A2DA8D1F26E2631F004387F4 = {
			isa = PBXGroup;
			children = (
				A2DA8D6526E28417004387F4 /* ToDo.md */,
				A2DA8D6326E283E6004387F4 /* .swiftlint.yml */,
				A2DA8D2A26E2631F004387F4 /* MemeGenerator */,
				A2DA8D4326E26324004387F4 /* MemeGeneratorTests */,
				A2DA8D4E26E26324004387F4 /* MemeGeneratorUITests */,
				A2DA8D2926E2631F004387F4 /* Products */,
			);
			sourceTree = "<group>";
		};
		A2DA8D2926E2631F004387F4 /* Products */ = {
			isa = PBXGroup;
			children = (
				A2DA8D2826E2631F004387F4 /* MemeGenerator.app */,
				A2DA8D4026E26324004387F4 /* MemeGeneratorTests.xctest */,
				A2DA8D4B26E26324004387F4 /* MemeGeneratorUITests.xctest */,
			);
			name = Products;
			sourceTree = "<group>";
		};
		A2DA8D2A26E2631F004387F4 /* MemeGenerator */ = {
			isa = PBXGroup;
			children = (
				A2A755AE26E80B3100578F92 /* App and Scene Delegate */,
				A2A755B426E80E8300578F92 /* Constants */,
				A29F87C426F49FF900B37D1A /* Services */,
				A29F87C526F4A01300B37D1A /* UI */,
				A29F87C626F4A02D00B37D1A /* Screens */,
				A2A755B026E80B6A00578F92 /* Local Persistance */,
				A2A755B226E80B7800578F92 /* Resources */,
				A2A755B126E80B7400578F92 /* Storyboards */,
				A2A755AF26E80B6600578F92 /* Supporting Files */,
			);
			path = MemeGenerator;
			sourceTree = "<group>";
		};
		A2DA8D4326E26324004387F4 /* MemeGeneratorTests */ = {
			isa = PBXGroup;
			children = (
				A2DA8D4426E26324004387F4 /* MemeGeneratorTests.swift */,
				A2B189B426F899BF0014C337 /* ConstantsTests.swift */,
				A2B189C026F8A8DA0014C337 /* Models */,
				A2B189BA26F8A3120014C337 /* StorageServiceTests.swift */,
				A2B189BC26F8A6140014C337 /* CoreDataServiceErrorTests.swift */,
				A2B189C326F8ABC10014C337 /* CGFloatTests.swift */,
				A2B189C526F8AC9C0014C337 /* UIColorTests.swift */,
				A2B189C226F8A8F70014C337 /* Network Service */,
				A2DA8D4626E26324004387F4 /* Info.plist */,
			);
			path = MemeGeneratorTests;
			sourceTree = "<group>";
		};
		A2DA8D4E26E26324004387F4 /* MemeGeneratorUITests */ = {
			isa = PBXGroup;
			children = (
				A2DA8D4F26E26324004387F4 /* MemeGeneratorUITests.swift */,
				A2BA6ADD26F8CBF200B16141 /* Page.swift */,
				A2BA6ADB26F8CBB900B16141 /* LibraryScreen.swift */,
				A2B189C726F8B4E50014C337 /* SettingsScreen.swift */,
				A2DA8D5126E26324004387F4 /* Info.plist */,
				A2BA6AE626F8FF3800B16141 /* SnapshotTests.swift */,
			);
			path = MemeGeneratorUITests;
			sourceTree = "<group>";
		};
/* End PBXGroup section */

/* Begin PBXNativeTarget section */
		A2DA8D2726E2631F004387F4 /* MemeGenerator */ = {
			isa = PBXNativeTarget;
			buildConfigurationList = A2DA8D5426E26324004387F4 /* Build configuration list for PBXNativeTarget "MemeGenerator" */;
			buildPhases = (
				A2DA8D2426E2631F004387F4 /* Sources */,
				A2DA8D2526E2631F004387F4 /* Frameworks */,
				A2DA8D2626E2631F004387F4 /* Resources */,
				A2DA8D6826E284A0004387F4 /* ShellScript */,
			);
			buildRules = (
			);
			dependencies = (
			);
			name = MemeGenerator;
			packageProductDependencies = (
			);
			productName = MemeGenerator;
			productReference = A2DA8D2826E2631F004387F4 /* MemeGenerator.app */;
			productType = "com.apple.product-type.application";
		};
		A2DA8D3F26E26324004387F4 /* MemeGeneratorTests */ = {
			isa = PBXNativeTarget;
			buildConfigurationList = A2DA8D5726E26324004387F4 /* Build configuration list for PBXNativeTarget "MemeGeneratorTests" */;
			buildPhases = (
				A2DA8D3C26E26324004387F4 /* Sources */,
				A2DA8D3D26E26324004387F4 /* Frameworks */,
				A2DA8D3E26E26324004387F4 /* Resources */,
			);
			buildRules = (
			);
			dependencies = (
				A2DA8D4226E26324004387F4 /* PBXTargetDependency */,
			);
			name = MemeGeneratorTests;
			productName = MemeGeneratorTests;
			productReference = A2DA8D4026E26324004387F4 /* MemeGeneratorTests.xctest */;
			productType = "com.apple.product-type.bundle.unit-test";
		};
		A2DA8D4A26E26324004387F4 /* MemeGeneratorUITests */ = {
			isa = PBXNativeTarget;
			buildConfigurationList = A2DA8D5A26E26324004387F4 /* Build configuration list for PBXNativeTarget "MemeGeneratorUITests" */;
			buildPhases = (
				A2DA8D4726E26324004387F4 /* Sources */,
				A2DA8D4826E26324004387F4 /* Frameworks */,
				A2DA8D4926E26324004387F4 /* Resources */,
			);
			buildRules = (
			);
			dependencies = (
				A2DA8D4D26E26324004387F4 /* PBXTargetDependency */,
			);
			name = MemeGeneratorUITests;
			packageProductDependencies = (
				A2BA6AE926F90DCD00B16141 /* SnapshotTesting */,
			);
			productName = MemeGeneratorUITests;
			productReference = A2DA8D4B26E26324004387F4 /* MemeGeneratorUITests.xctest */;
			productType = "com.apple.product-type.bundle.ui-testing";
		};
/* End PBXNativeTarget section */

/* Begin PBXProject section */
		A2DA8D2026E2631F004387F4 /* Project object */ = {
			isa = PBXProject;
			attributes = {
				LastSwiftUpdateCheck = 1250;
				LastUpgradeCheck = 1250;
				TargetAttributes = {
					A2DA8D2726E2631F004387F4 = {
						CreatedOnToolsVersion = 12.5.1;
					};
					A2DA8D3F26E26324004387F4 = {
						CreatedOnToolsVersion = 12.5.1;
					};
					A2DA8D4A26E26324004387F4 = {
						CreatedOnToolsVersion = 12.5.1;
						TestTargetID = A2DA8D2726E2631F004387F4;
					};
				};
			};
			buildConfigurationList = A2DA8D2326E2631F004387F4 /* Build configuration list for PBXProject "MemeGenerator" */;
			compatibilityVersion = "Xcode 9.3";
			developmentRegion = en;
			hasScannedForEncodings = 0;
			knownRegions = (
				en,
				Base,
			);
			mainGroup = A2DA8D1F26E2631F004387F4;
			packageReferences = (
				A2BA6AE826F90DCD00B16141 /* XCRemoteSwiftPackageReference "swift-snapshot-testing" */,
			);
			productRefGroup = A2DA8D2926E2631F004387F4 /* Products */;
			projectDirPath = "";
			projectRoot = "";
			targets = (
				A2DA8D2726E2631F004387F4 /* MemeGenerator */,
				A2DA8D3F26E26324004387F4 /* MemeGeneratorTests */,
				A2DA8D4A26E26324004387F4 /* MemeGeneratorUITests */,
			);
		};
/* End PBXProject section */

/* Begin PBXResourcesBuildPhase section */
		A2DA8D2626E2631F004387F4 /* Resources */ = {
			isa = PBXResourcesBuildPhase;
			buildActionMask = 2147483647;
			files = (
				A2B189AD26F7F7080014C337 /* Impacted.ttf in Resources */,
				A2B189AF26F7F7080014C337 /* unicode.impact.ttf in Resources */,
				A2DA8D6626E28417004387F4 /* ToDo.md in Resources */,
				A2B189AE26F7F7080014C337 /* impact.ttf in Resources */,
				A2DA8D6426E283E6004387F4 /* .swiftlint.yml in Resources */,
				A2DA8D3726E26323004387F4 /* Assets.xcassets in Resources */,
				A2DA8D3A26E26323004387F4 /* LaunchScreen.storyboard in Resources */,
			);
			runOnlyForDeploymentPostprocessing = 0;
		};
		A2DA8D3E26E26324004387F4 /* Resources */ = {
			isa = PBXResourcesBuildPhase;
			buildActionMask = 2147483647;
			files = (
				A2BA6AE226F8ECEF00B16141 /* json.txt in Resources */,
			);
			runOnlyForDeploymentPostprocessing = 0;
		};
		A2DA8D4926E26324004387F4 /* Resources */ = {
			isa = PBXResourcesBuildPhase;
			buildActionMask = 2147483647;
			files = (
			);
			runOnlyForDeploymentPostprocessing = 0;
		};
/* End PBXResourcesBuildPhase section */

/* Begin PBXShellScriptBuildPhase section */
		A2DA8D6826E284A0004387F4 /* ShellScript */ = {
			isa = PBXShellScriptBuildPhase;
			buildActionMask = 2147483647;
			files = (
			);
			inputFileListPaths = (
			);
			inputPaths = (
			);
			outputFileListPaths = (
			);
			outputPaths = (
			);
			runOnlyForDeploymentPostprocessing = 0;
			shellPath = /bin/sh;
			shellScript = "if which swiftlint >/dev/null; then\n  swiftlint\nelse\n  echo \"warning: SwiftLint not installed, download from https://github.com/realm/SwiftLint\"\nfi\n";
		};
/* End PBXShellScriptBuildPhase section */

/* Begin PBXSourcesBuildPhase section */
		A2DA8D2426E2631F004387F4 /* Sources */ = {
			isa = PBXSourcesBuildPhase;
			buildActionMask = 2147483647;
			files = (
				A29F87DC26F4B35900B37D1A /* DBMeme+CoreDataClass.swift in Sources */,
				A2DA8D2C26E2631F004387F4 /* AppDelegate.swift in Sources */,
				A2A755CE26E91C7E00578F92 /* Meme.swift in Sources */,
				A2A7566526ED2E6100578F92 /* PreviewViewController.swift in Sources */,
				A29F87C026F4997F00B37D1A /* CoreDataStack.swift in Sources */,
				A26632FB26F504050036EEB7 /* StorageService.swift in Sources */,
				A2A755DB26E9443600578F92 /* UIView+Extension.swift in Sources */,
				A2A755E426E94E5300578F92 /* MemeDataResponse.swift in Sources */,
				A25FE82726F0AD61006D7808 /* CGFloat+Extension.swift in Sources */,
				A29F87BD26F4997F00B37D1A /* CoreDataService.swift in Sources */,
				A2B1899F26F76DA00014C337 /* PreviewMeme.swift in Sources */,
				A2A755F526EA2ED000578F92 /* UIViewController+Extension.swift in Sources */,
				A2A7561E26EA489B00578F92 /* Category.swift in Sources */,
				A25FE82326F0AB81006D7808 /* UIColor+Extension.swift in Sources */,
				A2A755BC26E8C5F700578F92 /* MemeCollectionView.swift in Sources */,
				A25FE81426EFD285006D7808 /* SettingsViewController.swift in Sources */,
				A29F87D726F4B2F200B37D1A /* Memes.xcdatamodeld in Sources */,
				A25FE81F26EFDD94006D7808 /* SettingTableViewCell.swift in Sources */,
				A2A7562226EA648000578F92 /* SectionHeader.swift in Sources */,
				A2A755F126EA1D5800578F92 /* HTTPMethods.swift in Sources */,
				A2A755BD26E8C5F700578F92 /* MemeCell.swift in Sources */,
				A2A7566126ECDD8D00578F92 /* UIImageView+Extension.swift in Sources */,
				A25FE82F26F0CB2A006D7808 /* Theme.swift in Sources */,
				A2A7567126ED2FAD00578F92 /* Preview.swift in Sources */,
				A2A755CA26E914F000578F92 /* TopMemesViewController.swift in Sources */,
				A2A755EC26E950E200578F92 /* NetworkService.swift in Sources */,
				A25FE82B26F0C976006D7808 /* Persist.swift in Sources */,
				A2A755BB26E8C5F700578F92 /* LibraryViewController.swift in Sources */,
				A25FE83426F0CE1D006D7808 /* ThemeWindow.swift in Sources */,
				A2A755E826E94E7A00578F92 /* NetworkServiceError.swift in Sources */,
				A2A755FD26EA373B00578F92 /* MemesCollection.swift in Sources */,
				A25FE83826F0CE69006D7808 /* UIWindow+Extension.swift in Sources */,
				A2A755E026E94D2E00578F92 /* NetworkServiceProtocol.swift in Sources */,
				A26632F726F4E1090036EEB7 /* TabBarMenu.swift in Sources */,
				A29F87D026F4A39000B37D1A /* CoreDataServiceError.swift in Sources */,
				A2DA8D2E26E2631F004387F4 /* SceneDelegate.swift in Sources */,
				A2A7566926ED2EC000578F92 /* EditViewController.swift in Sources */,
				A29F87C826F4A2FE00B37D1A /* CoreDataServiceProtocol.swift in Sources */,
				A29F87DF26F4B35900B37D1A /* DBMeme+CoreDataProperties.swift in Sources */,
				A25FE80926EE13E7006D7808 /* EditorView.swift in Sources */,
				A2A755D226E93FCC00578F92 /* Constants.swift in Sources */,
			);
			runOnlyForDeploymentPostprocessing = 0;
		};
		A2DA8D3C26E26324004387F4 /* Sources */ = {
			isa = PBXSourcesBuildPhase;
			buildActionMask = 2147483647;
			files = (
				A25FE83526F0CE1D006D7808 /* ThemeWindow.swift in Sources */,
				A2A755E126E94D2E00578F92 /* NetworkServiceProtocol.swift in Sources */,
				A2A755E926E94E7A00578F92 /* NetworkServiceError.swift in Sources */,
				A25FE83926F0CE69006D7808 /* UIWindow+Extension.swift in Sources */,
				A2B189B526F899BF0014C337 /* ConstantsTests.swift in Sources */,
				A29F87C926F4A2FE00B37D1A /* CoreDataServiceProtocol.swift in Sources */,
				A2A755F626EA2ED000578F92 /* UIViewController+Extension.swift in Sources */,
				A2A755DC26E9443600578F92 /* UIView+Extension.swift in Sources */,
				A29F87DD26F4B35900B37D1A /* DBMeme+CoreDataClass.swift in Sources */,
				A25FE80A26EE13E7006D7808 /* EditorView.swift in Sources */,
				A2DA8D5D26E263CE004387F4 /* AppDelegate.swift in Sources */,
				A2B189B926F89EB70014C337 /* HTTPMethodsTests.swift in Sources */,
				A2DA8D4526E26324004387F4 /* MemeGeneratorTests.swift in Sources */,
				A2B189C626F8AC9C0014C337 /* UIColorTests.swift in Sources */,
				A2B189BB26F8A3120014C337 /* StorageServiceTests.swift in Sources */,
				A2A755CF26E91C7E00578F92 /* Meme.swift in Sources */,
				A2B189B726F89C7F0014C337 /* NetworkServiceErrorTests.swift in Sources */,
				A2A7565F26EBA48F00578F92 /* MemesCollectionTests.swift in Sources */,
				A2A7566226ECDD8D00578F92 /* UIImageView+Extension.swift in Sources */,
				A26632F826F4E1090036EEB7 /* TabBarMenu.swift in Sources */,
				A2A755F226EA1D5800578F92 /* HTTPMethods.swift in Sources */,
				A2A7567226ED2FAD00578F92 /* Preview.swift in Sources */,
				A25FE82C26F0C976006D7808 /* Persist.swift in Sources */,
				A2A755E526E94E5300578F92 /* MemeDataResponse.swift in Sources */,
				A29F87C126F4997F00B37D1A /* CoreDataStack.swift in Sources */,
				A29F87BE26F4997F00B37D1A /* CoreDataService.swift in Sources */,
				A2A755C026E8CAAA00578F92 /* MemeCollectionView.swift in Sources */,
				A25FE82826F0AD61006D7808 /* CGFloat+Extension.swift in Sources */,
				A2A755C226E8CAAD00578F92 /* MemeCell.swift in Sources */,
				A2A7561F26EA489B00578F92 /* Category.swift in Sources */,
				A2A755BE26E8CAA300578F92 /* LibraryViewController.swift in Sources */,
				A2A7566626ED2E6100578F92 /* PreviewViewController.swift in Sources */,
				A2A7566A26ED2EC000578F92 /* EditViewController.swift in Sources */,
				A25FE82426F0AB81006D7808 /* UIColor+Extension.swift in Sources */,
				A25FE82026EFDD94006D7808 /* SettingTableViewCell.swift in Sources */,
				A2A7565D26EB9B2C00578F92 /* TopMemesViewController.swift in Sources */,
				A2B189B326F88F860014C337 /* PreviewMemeTests.swift in Sources */,
				A2DA8D5F26E263D3004387F4 /* SceneDelegate.swift in Sources */,
				A29F87E026F4B35900B37D1A /* DBMeme+CoreDataProperties.swift in Sources */,
				A25FE83026F0CB2A006D7808 /* Theme.swift in Sources */,
				A2A7562326EA648000578F92 /* SectionHeader.swift in Sources */,
				A29F87D126F4A39000B37D1A /* CoreDataServiceError.swift in Sources */,
				A2A755FE26EA373B00578F92 /* MemesCollection.swift in Sources */,
				A2B189A026F76DA00014C337 /* PreviewMeme.swift in Sources */,
				A2B189C426F8ABC10014C337 /* CGFloatTests.swift in Sources */,
				A2B189B026F88D7F0014C337 /* StorageService.swift in Sources */,
				A25FE81526EFD285006D7808 /* SettingsViewController.swift in Sources */,
				A29F87D826F4B2F200B37D1A /* Memes.xcdatamodeld in Sources */,
				A2A755ED26E950E200578F92 /* NetworkService.swift in Sources */,
				A2B189BF26F8A7F10014C337 /* NetworkServiceTests.swift in Sources */,
				A2BA6AE026F8D7FA00B16141 /* MocksTests.swift in Sources */,
				A2A755D326E93FCC00578F92 /* Constants.swift in Sources */,
				A2B189BD26F8A6140014C337 /* CoreDataServiceErrorTests.swift in Sources */,
			);
			runOnlyForDeploymentPostprocessing = 0;
		};
		A2DA8D4726E26324004387F4 /* Sources */ = {
			isa = PBXSourcesBuildPhase;
			buildActionMask = 2147483647;
			files = (
				A2A755E226E94D2E00578F92 /* NetworkServiceProtocol.swift in Sources */,
				A2A755EA26E94E7A00578F92 /* NetworkServiceError.swift in Sources */,
				A2A7566726ED2E6100578F92 /* PreviewViewController.swift in Sources */,
				A29F87C226F4997F00B37D1A /* CoreDataStack.swift in Sources */,
				A2A755F726EA2ED000578F92 /* UIViewController+Extension.swift in Sources */,
				A2A755DD26E9443600578F92 /* UIView+Extension.swift in Sources */,
				A25FE82926F0AD61006D7808 /* CGFloat+Extension.swift in Sources */,
				A29F87BF26F4997F00B37D1A /* CoreDataService.swift in Sources */,
				A2DA8D5E26E263CF004387F4 /* AppDelegate.swift in Sources */,
				A2DA8D5026E26324004387F4 /* MemeGeneratorUITests.swift in Sources */,
				A2B189A126F76DA00014C337 /* PreviewMeme.swift in Sources */,
				A25FE82526F0AB81006D7808 /* UIColor+Extension.swift in Sources */,
				A2A755D026E91C7E00578F92 /* Meme.swift in Sources */,
				A2B189B126F88D800014C337 /* StorageService.swift in Sources */,
				A2BA6ADE26F8CBF200B16141 /* Page.swift in Sources */,
				A25FE81626EFD285006D7808 /* SettingsViewController.swift in Sources */,
				A25FE82126EFDD94006D7808 /* SettingTableViewCell.swift in Sources */,
				A29F87D926F4B2F200B37D1A /* Memes.xcdatamodeld in Sources */,
				A2A755F326EA1D5800578F92 /* HTTPMethods.swift in Sources */,
				A2A755E626E94E5300578F92 /* MemeDataResponse.swift in Sources */,
				A2A755C126E8CAAB00578F92 /* MemeCollectionView.swift in Sources */,
				A2A7566326ECDD8D00578F92 /* UIImageView+Extension.swift in Sources */,
				A25FE83126F0CB2A006D7808 /* Theme.swift in Sources */,
				A2A7567326ED2FAD00578F92 /* Preview.swift in Sources */,
				A2A755C326E8CAAE00578F92 /* MemeCell.swift in Sources */,
				A2BA6AE726F8FF3800B16141 /* SnapshotTests.swift in Sources */,
				A2A7562026EA489B00578F92 /* Category.swift in Sources */,
				A29F87DE26F4B35900B37D1A /* DBMeme+CoreDataClass.swift in Sources */,
				A2A755BF26E8CAA400578F92 /* LibraryViewController.swift in Sources */,
				A2BA6ADC26F8CBB900B16141 /* LibraryScreen.swift in Sources */,
				A29F87E126F4B35900B37D1A /* DBMeme+CoreDataProperties.swift in Sources */,
				A25FE82D26F0C976006D7808 /* Persist.swift in Sources */,
				A2A7565C26EB9B2C00578F92 /* TopMemesViewController.swift in Sources */,
				A25FE83626F0CE1D006D7808 /* ThemeWindow.swift in Sources */,
				A2DA8D6126E263D3004387F4 /* SceneDelegate.swift in Sources */,
				A2A7562426EA648000578F92 /* SectionHeader.swift in Sources */,
				A25FE83A26F0CE69006D7808 /* UIWindow+Extension.swift in Sources */,
				A2A755FF26EA373B00578F92 /* MemesCollection.swift in Sources */,
				A29F87D226F4A39000B37D1A /* CoreDataServiceError.swift in Sources */,
				A2A755EE26E950E200578F92 /* NetworkService.swift in Sources */,
				A2B189C826F8B4E50014C337 /* SettingsScreen.swift in Sources */,
				A2A7566B26ED2EC000578F92 /* EditViewController.swift in Sources */,
				A26632F926F4E1090036EEB7 /* TabBarMenu.swift in Sources */,
				A29F87CA26F4A2FE00B37D1A /* CoreDataServiceProtocol.swift in Sources */,
				A25FE80B26EE13E7006D7808 /* EditorView.swift in Sources */,
				A2A755D426E93FCC00578F92 /* Constants.swift in Sources */,
			);
			runOnlyForDeploymentPostprocessing = 0;
		};
/* End PBXSourcesBuildPhase section */

/* Begin PBXTargetDependency section */
		A2DA8D4226E26324004387F4 /* PBXTargetDependency */ = {
			isa = PBXTargetDependency;
			target = A2DA8D2726E2631F004387F4 /* MemeGenerator */;
			targetProxy = A2DA8D4126E26324004387F4 /* PBXContainerItemProxy */;
		};
		A2DA8D4D26E26324004387F4 /* PBXTargetDependency */ = {
			isa = PBXTargetDependency;
			target = A2DA8D2726E2631F004387F4 /* MemeGenerator */;
			targetProxy = A2DA8D4C26E26324004387F4 /* PBXContainerItemProxy */;
		};
/* End PBXTargetDependency section */

/* Begin PBXVariantGroup section */
		A2DA8D3826E26323004387F4 /* LaunchScreen.storyboard */ = {
			isa = PBXVariantGroup;
			children = (
				A2DA8D3926E26323004387F4 /* Base */,
			);
			name = LaunchScreen.storyboard;
			sourceTree = "<group>";
		};
/* End PBXVariantGroup section */

/* Begin XCBuildConfiguration section */
		A2DA8D5226E26324004387F4 /* Debug */ = {
			isa = XCBuildConfiguration;
			buildSettings = {
				ALWAYS_SEARCH_USER_PATHS = NO;
				CLANG_ANALYZER_NONNULL = YES;
				CLANG_ANALYZER_NUMBER_OBJECT_CONVERSION = YES_AGGRESSIVE;
				CLANG_CXX_LANGUAGE_STANDARD = "gnu++14";
				CLANG_CXX_LIBRARY = "libc++";
				CLANG_ENABLE_MODULES = YES;
				CLANG_ENABLE_OBJC_ARC = YES;
				CLANG_ENABLE_OBJC_WEAK = YES;
				CLANG_WARN_BLOCK_CAPTURE_AUTORELEASING = YES;
				CLANG_WARN_BOOL_CONVERSION = YES;
				CLANG_WARN_COMMA = YES;
				CLANG_WARN_CONSTANT_CONVERSION = YES;
				CLANG_WARN_DEPRECATED_OBJC_IMPLEMENTATIONS = YES;
				CLANG_WARN_DIRECT_OBJC_ISA_USAGE = YES_ERROR;
				CLANG_WARN_DOCUMENTATION_COMMENTS = YES;
				CLANG_WARN_EMPTY_BODY = YES;
				CLANG_WARN_ENUM_CONVERSION = YES;
				CLANG_WARN_INFINITE_RECURSION = YES;
				CLANG_WARN_INT_CONVERSION = YES;
				CLANG_WARN_NON_LITERAL_NULL_CONVERSION = YES;
				CLANG_WARN_OBJC_IMPLICIT_RETAIN_SELF = YES;
				CLANG_WARN_OBJC_LITERAL_CONVERSION = YES;
				CLANG_WARN_OBJC_ROOT_CLASS = YES_ERROR;
				CLANG_WARN_QUOTED_INCLUDE_IN_FRAMEWORK_HEADER = YES;
				CLANG_WARN_RANGE_LOOP_ANALYSIS = YES;
				CLANG_WARN_STRICT_PROTOTYPES = YES;
				CLANG_WARN_SUSPICIOUS_MOVE = YES;
				CLANG_WARN_UNGUARDED_AVAILABILITY = YES_AGGRESSIVE;
				CLANG_WARN_UNREACHABLE_CODE = YES;
				CLANG_WARN__DUPLICATE_METHOD_MATCH = YES;
				COPY_PHASE_STRIP = NO;
				DEBUG_INFORMATION_FORMAT = dwarf;
				ENABLE_STRICT_OBJC_MSGSEND = YES;
				ENABLE_TESTABILITY = YES;
				GCC_C_LANGUAGE_STANDARD = gnu11;
				GCC_DYNAMIC_NO_PIC = NO;
				GCC_NO_COMMON_BLOCKS = YES;
				GCC_OPTIMIZATION_LEVEL = 0;
				GCC_PREPROCESSOR_DEFINITIONS = (
					"DEBUG=1",
					"$(inherited)",
				);
				GCC_WARN_64_TO_32_BIT_CONVERSION = YES;
				GCC_WARN_ABOUT_RETURN_TYPE = YES_ERROR;
				GCC_WARN_UNDECLARED_SELECTOR = YES;
				GCC_WARN_UNINITIALIZED_AUTOS = YES_AGGRESSIVE;
				GCC_WARN_UNUSED_FUNCTION = YES;
				GCC_WARN_UNUSED_VARIABLE = YES;
				IPHONEOS_DEPLOYMENT_TARGET = 13.0;
				MTL_ENABLE_DEBUG_INFO = INCLUDE_SOURCE;
				MTL_FAST_MATH = YES;
				ONLY_ACTIVE_ARCH = YES;
				OTHER_LDFLAGS = "";
				SDKROOT = iphoneos;
				SWIFT_ACTIVE_COMPILATION_CONDITIONS = DEBUG;
				SWIFT_OPTIMIZATION_LEVEL = "-Onone";
			};
			name = Debug;
		};
		A2DA8D5326E26324004387F4 /* Release */ = {
			isa = XCBuildConfiguration;
			buildSettings = {
				ALWAYS_SEARCH_USER_PATHS = NO;
				CLANG_ANALYZER_NONNULL = YES;
				CLANG_ANALYZER_NUMBER_OBJECT_CONVERSION = YES_AGGRESSIVE;
				CLANG_CXX_LANGUAGE_STANDARD = "gnu++14";
				CLANG_CXX_LIBRARY = "libc++";
				CLANG_ENABLE_MODULES = YES;
				CLANG_ENABLE_OBJC_ARC = YES;
				CLANG_ENABLE_OBJC_WEAK = YES;
				CLANG_WARN_BLOCK_CAPTURE_AUTORELEASING = YES;
				CLANG_WARN_BOOL_CONVERSION = YES;
				CLANG_WARN_COMMA = YES;
				CLANG_WARN_CONSTANT_CONVERSION = YES;
				CLANG_WARN_DEPRECATED_OBJC_IMPLEMENTATIONS = YES;
				CLANG_WARN_DIRECT_OBJC_ISA_USAGE = YES_ERROR;
				CLANG_WARN_DOCUMENTATION_COMMENTS = YES;
				CLANG_WARN_EMPTY_BODY = YES;
				CLANG_WARN_ENUM_CONVERSION = YES;
				CLANG_WARN_INFINITE_RECURSION = YES;
				CLANG_WARN_INT_CONVERSION = YES;
				CLANG_WARN_NON_LITERAL_NULL_CONVERSION = YES;
				CLANG_WARN_OBJC_IMPLICIT_RETAIN_SELF = YES;
				CLANG_WARN_OBJC_LITERAL_CONVERSION = YES;
				CLANG_WARN_OBJC_ROOT_CLASS = YES_ERROR;
				CLANG_WARN_QUOTED_INCLUDE_IN_FRAMEWORK_HEADER = YES;
				CLANG_WARN_RANGE_LOOP_ANALYSIS = YES;
				CLANG_WARN_STRICT_PROTOTYPES = YES;
				CLANG_WARN_SUSPICIOUS_MOVE = YES;
				CLANG_WARN_UNGUARDED_AVAILABILITY = YES_AGGRESSIVE;
				CLANG_WARN_UNREACHABLE_CODE = YES;
				CLANG_WARN__DUPLICATE_METHOD_MATCH = YES;
				COPY_PHASE_STRIP = NO;
				DEBUG_INFORMATION_FORMAT = "dwarf-with-dsym";
				ENABLE_NS_ASSERTIONS = NO;
				ENABLE_STRICT_OBJC_MSGSEND = YES;
				GCC_C_LANGUAGE_STANDARD = gnu11;
				GCC_NO_COMMON_BLOCKS = YES;
				GCC_WARN_64_TO_32_BIT_CONVERSION = YES;
				GCC_WARN_ABOUT_RETURN_TYPE = YES_ERROR;
				GCC_WARN_UNDECLARED_SELECTOR = YES;
				GCC_WARN_UNINITIALIZED_AUTOS = YES_AGGRESSIVE;
				GCC_WARN_UNUSED_FUNCTION = YES;
				GCC_WARN_UNUSED_VARIABLE = YES;
				IPHONEOS_DEPLOYMENT_TARGET = 13.0;
				MTL_ENABLE_DEBUG_INFO = NO;
				MTL_FAST_MATH = YES;
				OTHER_LDFLAGS = "";
				SDKROOT = iphoneos;
				SWIFT_COMPILATION_MODE = wholemodule;
				SWIFT_OPTIMIZATION_LEVEL = "-O";
				VALIDATE_PRODUCT = YES;
			};
			name = Release;
		};
		A2DA8D5526E26324004387F4 /* Debug */ = {
			isa = XCBuildConfiguration;
			buildSettings = {
				ASSETCATALOG_COMPILER_APPICON_NAME = AppIcon;
				ASSETCATALOG_COMPILER_GLOBAL_ACCENT_COLOR_NAME = AccentColor;
				CODE_SIGN_STYLE = Automatic;
				DEVELOPMENT_TEAM = GQ92PTQY7M;
				INFOPLIST_FILE = "MemeGenerator/Supporting Files/Info.plist";
				LD_RUNPATH_SEARCH_PATHS = (
					"$(inherited)",
					"@executable_path/Frameworks",
				);
				PRODUCT_BUNDLE_IDENTIFIER = com.mudriyilya.MemeGenerator;
				PRODUCT_NAME = "$(TARGET_NAME)";
				SWIFT_VERSION = 5.0;
				TARGETED_DEVICE_FAMILY = 1;
			};
			name = Debug;
		};
		A2DA8D5626E26324004387F4 /* Release */ = {
			isa = XCBuildConfiguration;
			buildSettings = {
				ASSETCATALOG_COMPILER_APPICON_NAME = AppIcon;
				ASSETCATALOG_COMPILER_GLOBAL_ACCENT_COLOR_NAME = AccentColor;
				CODE_SIGN_STYLE = Automatic;
				DEVELOPMENT_TEAM = GQ92PTQY7M;
				INFOPLIST_FILE = "MemeGenerator/Supporting Files/Info.plist";
				LD_RUNPATH_SEARCH_PATHS = (
					"$(inherited)",
					"@executable_path/Frameworks",
				);
				PRODUCT_BUNDLE_IDENTIFIER = com.mudriyilya.MemeGenerator;
				PRODUCT_NAME = "$(TARGET_NAME)";
				SWIFT_VERSION = 5.0;
				TARGETED_DEVICE_FAMILY = 1;
			};
			name = Release;
		};
		A2DA8D5826E26324004387F4 /* Debug */ = {
			isa = XCBuildConfiguration;
			buildSettings = {
				ALWAYS_EMBED_SWIFT_STANDARD_LIBRARIES = YES;
				CODE_SIGN_STYLE = Automatic;
				DEVELOPMENT_TEAM = GQ92PTQY7M;
				INFOPLIST_FILE = MemeGeneratorTests/Info.plist;
				IPHONEOS_DEPLOYMENT_TARGET = 13.0;
				LD_RUNPATH_SEARCH_PATHS = (
					"$(inherited)",
					"@executable_path/Frameworks",
					"@loader_path/Frameworks",
				);
				PRODUCT_BUNDLE_IDENTIFIER = com.mudriyilya.MemeGeneratorTests;
				PRODUCT_NAME = "$(TARGET_NAME)";
				SWIFT_VERSION = 5.0;
				TARGETED_DEVICE_FAMILY = "1,2";
			};
			name = Debug;
		};
		A2DA8D5926E26324004387F4 /* Release */ = {
			isa = XCBuildConfiguration;
			buildSettings = {
				ALWAYS_EMBED_SWIFT_STANDARD_LIBRARIES = YES;
				CODE_SIGN_STYLE = Automatic;
				DEVELOPMENT_TEAM = GQ92PTQY7M;
				INFOPLIST_FILE = MemeGeneratorTests/Info.plist;
				IPHONEOS_DEPLOYMENT_TARGET = 13.0;
				LD_RUNPATH_SEARCH_PATHS = (
					"$(inherited)",
					"@executable_path/Frameworks",
					"@loader_path/Frameworks",
				);
				PRODUCT_BUNDLE_IDENTIFIER = com.mudriyilya.MemeGeneratorTests;
				PRODUCT_NAME = "$(TARGET_NAME)";
				SWIFT_VERSION = 5.0;
				TARGETED_DEVICE_FAMILY = "1,2";
			};
			name = Release;
		};
		A2DA8D5B26E26324004387F4 /* Debug */ = {
			isa = XCBuildConfiguration;
			buildSettings = {
				ALWAYS_EMBED_SWIFT_STANDARD_LIBRARIES = YES;
				CODE_SIGN_STYLE = Automatic;
				DEVELOPMENT_TEAM = GQ92PTQY7M;
				INFOPLIST_FILE = MemeGeneratorUITests/Info.plist;
				LD_RUNPATH_SEARCH_PATHS = (
					"$(inherited)",
					"@executable_path/Frameworks",
					"@loader_path/Frameworks",
				);
				PRODUCT_BUNDLE_IDENTIFIER = com.mudriyilya.MemeGeneratorUITests;
				PRODUCT_NAME = "$(TARGET_NAME)";
				PROVISIONING_PROFILE = "";
				SWIFT_VERSION = 5.0;
				TARGETED_DEVICE_FAMILY = "1,2";
				TEST_TARGET_NAME = MemeGenerator;
			};
			name = Debug;
		};
		A2DA8D5C26E26324004387F4 /* Release */ = {
			isa = XCBuildConfiguration;
			buildSettings = {
				ALWAYS_EMBED_SWIFT_STANDARD_LIBRARIES = YES;
				CODE_SIGN_STYLE = Automatic;
				DEVELOPMENT_TEAM = GQ92PTQY7M;
				INFOPLIST_FILE = MemeGeneratorUITests/Info.plist;
				LD_RUNPATH_SEARCH_PATHS = (
					"$(inherited)",
					"@executable_path/Frameworks",
					"@loader_path/Frameworks",
				);
				PRODUCT_BUNDLE_IDENTIFIER = com.mudriyilya.MemeGeneratorUITests;
				PRODUCT_NAME = "$(TARGET_NAME)";
				PROVISIONING_PROFILE = "";
				SWIFT_VERSION = 5.0;
				TARGETED_DEVICE_FAMILY = "1,2";
				TEST_TARGET_NAME = MemeGenerator;
			};
			name = Release;
		};
/* End XCBuildConfiguration section */

/* Begin XCConfigurationList section */
		A2DA8D2326E2631F004387F4 /* Build configuration list for PBXProject "MemeGenerator" */ = {
			isa = XCConfigurationList;
			buildConfigurations = (
				A2DA8D5226E26324004387F4 /* Debug */,
				A2DA8D5326E26324004387F4 /* Release */,
			);
			defaultConfigurationIsVisible = 0;
			defaultConfigurationName = Release;
		};
		A2DA8D5426E26324004387F4 /* Build configuration list for PBXNativeTarget "MemeGenerator" */ = {
			isa = XCConfigurationList;
			buildConfigurations = (
				A2DA8D5526E26324004387F4 /* Debug */,
				A2DA8D5626E26324004387F4 /* Release */,
			);
			defaultConfigurationIsVisible = 0;
			defaultConfigurationName = Release;
		};
		A2DA8D5726E26324004387F4 /* Build configuration list for PBXNativeTarget "MemeGeneratorTests" */ = {
			isa = XCConfigurationList;
			buildConfigurations = (
				A2DA8D5826E26324004387F4 /* Debug */,
				A2DA8D5926E26324004387F4 /* Release */,
			);
			defaultConfigurationIsVisible = 0;
			defaultConfigurationName = Release;
		};
		A2DA8D5A26E26324004387F4 /* Build configuration list for PBXNativeTarget "MemeGeneratorUITests" */ = {
			isa = XCConfigurationList;
			buildConfigurations = (
				A2DA8D5B26E26324004387F4 /* Debug */,
				A2DA8D5C26E26324004387F4 /* Release */,
			);
			defaultConfigurationIsVisible = 0;
			defaultConfigurationName = Release;
		};
/* End XCConfigurationList section */

/* Begin XCRemoteSwiftPackageReference section */
		A2BA6AE826F90DCD00B16141 /* XCRemoteSwiftPackageReference "swift-snapshot-testing" */ = {
			isa = XCRemoteSwiftPackageReference;
			repositoryURL = "https://github.com/pointfreeco/swift-snapshot-testing.git";
			requirement = {
				kind = upToNextMajorVersion;
				minimumVersion = 1.9.0;
			};
		};
/* End XCRemoteSwiftPackageReference section */

/* Begin XCSwiftPackageProductDependency section */
		A2BA6AE926F90DCD00B16141 /* SnapshotTesting */ = {
			isa = XCSwiftPackageProductDependency;
			package = A2BA6AE826F90DCD00B16141 /* XCRemoteSwiftPackageReference "swift-snapshot-testing" */;
			productName = SnapshotTesting;
		};
/* End XCSwiftPackageProductDependency section */

/* Begin XCVersionGroup section */
		A29F87D526F4B2F200B37D1A /* Memes.xcdatamodeld */ = {
			isa = XCVersionGroup;
			children = (
				A29F87D626F4B2F200B37D1A /* Memes.xcdatamodel */,
			);
			currentVersion = A29F87D626F4B2F200B37D1A /* Memes.xcdatamodel */;
			path = Memes.xcdatamodeld;
			sourceTree = "<group>";
			versionGroupType = wrapper.xcdatamodel;
		};
/* End XCVersionGroup section */
	};
	rootObject = A2DA8D2026E2631F004387F4 /* Project object */;
}
