// !$*UTF8*$!
{
	archiveVersion = 1;
	classes = {
	};
	objectVersion = 50;
	objects = {

/* Begin PBXBuildFile section */
		A2DA8D2C26E2631F004387F4 /* AppDelegate.swift in Sources */ = {isa = PBXBuildFile; fileRef = A2DA8D2B26E2631F004387F4 /* AppDelegate.swift */; };
		A2DA8D2E26E2631F004387F4 /* SceneDelegate.swift in Sources */ = {isa = PBXBuildFile; fileRef = A2DA8D2D26E2631F004387F4 /* SceneDelegate.swift */; };
		A2DA8D3026E2631F004387F4 /* LibraryViewController.swift in Sources */ = {isa = PBXBuildFile; fileRef = A2DA8D2F26E2631F004387F4 /* LibraryViewController.swift */; };
		A2DA8D3526E2631F004387F4 /* MemeGenerator.xcdatamodeld in Sources */ = {isa = PBXBuildFile; fileRef = A2DA8D3326E2631F004387F4 /* MemeGenerator.xcdatamodeld */; };
		A2DA8D3726E26323004387F4 /* Assets.xcassets in Resources */ = {isa = PBXBuildFile; fileRef = A2DA8D3626E26323004387F4 /* Assets.xcassets */; };
		A2DA8D3A26E26323004387F4 /* LaunchScreen.storyboard in Resources */ = {isa = PBXBuildFile; fileRef = A2DA8D3826E26323004387F4 /* LaunchScreen.storyboard */; };
		A2DA8D4526E26324004387F4 /* MemeGeneratorTests.swift in Sources */ = {isa = PBXBuildFile; fileRef = A2DA8D4426E26324004387F4 /* MemeGeneratorTests.swift */; };
		A2DA8D5026E26324004387F4 /* MemeGeneratorUITests.swift in Sources */ = {isa = PBXBuildFile; fileRef = A2DA8D4F26E26324004387F4 /* MemeGeneratorUITests.swift */; };
		A2DA8D5D26E263CE004387F4 /* AppDelegate.swift in Sources */ = {isa = PBXBuildFile; fileRef = A2DA8D2B26E2631F004387F4 /* AppDelegate.swift */; };
		A2DA8D5E26E263CF004387F4 /* AppDelegate.swift in Sources */ = {isa = PBXBuildFile; fileRef = A2DA8D2B26E2631F004387F4 /* AppDelegate.swift */; };
		A2DA8D5F26E263D3004387F4 /* SceneDelegate.swift in Sources */ = {isa = PBXBuildFile; fileRef = A2DA8D2D26E2631F004387F4 /* SceneDelegate.swift */; };
		A2DA8D6026E263D3004387F4 /* LibraryViewController.swift in Sources */ = {isa = PBXBuildFile; fileRef = A2DA8D2F26E2631F004387F4 /* LibraryViewController.swift */; };
		A2DA8D6126E263D3004387F4 /* SceneDelegate.swift in Sources */ = {isa = PBXBuildFile; fileRef = A2DA8D2D26E2631F004387F4 /* SceneDelegate.swift */; };
		A2DA8D6226E263D3004387F4 /* LibraryViewController.swift in Sources */ = {isa = PBXBuildFile; fileRef = A2DA8D2F26E2631F004387F4 /* LibraryViewController.swift */; };
		A2DA8D6426E283E6004387F4 /* .swiftlint.yml in Resources */ = {isa = PBXBuildFile; fileRef = A2DA8D6326E283E6004387F4 /* .swiftlint.yml */; };
		A2DA8D6626E28417004387F4 /* ToDo.md in Resources */ = {isa = PBXBuildFile; fileRef = A2DA8D6526E28417004387F4 /* ToDo.md */; };
/* End PBXBuildFile section */

/* Begin PBXContainerItemProxy section */
		A2DA8D4126E26324004387F4 /* PBXContainerItemProxy */ = {
			isa = PBXContainerItemProxy;
			containerPortal = A2DA8D2026E2631F004387F4 /* Project object */;
			proxyType = 1;
			remoteGlobalIDString = A2DA8D2726E2631F004387F4;
			remoteInfo = MemeGenerator;
		};
		A2DA8D4C26E26324004387F4 /* PBXContainerItemProxy */ = {
			isa = PBXContainerItemProxy;
			containerPortal = A2DA8D2026E2631F004387F4 /* Project object */;
			proxyType = 1;
			remoteGlobalIDString = A2DA8D2726E2631F004387F4;
			remoteInfo = MemeGenerator;
		};
/* End PBXContainerItemProxy section */

/* Begin PBXFileReference section */
		A2DA8D2826E2631F004387F4 /* MemeGenerator.app */ = {isa = PBXFileReference; explicitFileType = wrapper.application; includeInIndex = 0; path = MemeGenerator.app; sourceTree = BUILT_PRODUCTS_DIR; };
		A2DA8D2B26E2631F004387F4 /* AppDelegate.swift */ = {isa = PBXFileReference; lastKnownFileType = sourcecode.swift; path = AppDelegate.swift; sourceTree = "<group>"; };
		A2DA8D2D26E2631F004387F4 /* SceneDelegate.swift */ = {isa = PBXFileReference; lastKnownFileType = sourcecode.swift; path = SceneDelegate.swift; sourceTree = "<group>"; };
		A2DA8D2F26E2631F004387F4 /* LibraryViewController.swift */ = {isa = PBXFileReference; lastKnownFileType = sourcecode.swift; path = LibraryViewController.swift; sourceTree = "<group>"; };
		A2DA8D3426E2631F004387F4 /* MemeGenerator.xcdatamodel */ = {isa = PBXFileReference; lastKnownFileType = wrapper.xcdatamodel; path = MemeGenerator.xcdatamodel; sourceTree = "<group>"; };
		A2DA8D3626E26323004387F4 /* Assets.xcassets */ = {isa = PBXFileReference; lastKnownFileType = folder.assetcatalog; path = Assets.xcassets; sourceTree = "<group>"; };
		A2DA8D3926E26323004387F4 /* Base */ = {isa = PBXFileReference; lastKnownFileType = file.storyboard; name = Base; path = Base.lproj/LaunchScreen.storyboard; sourceTree = "<group>"; };
		A2DA8D3B26E26323004387F4 /* Info.plist */ = {isa = PBXFileReference; lastKnownFileType = text.plist.xml; path = Info.plist; sourceTree = "<group>"; };
		A2DA8D4026E26324004387F4 /* MemeGeneratorTests.xctest */ = {isa = PBXFileReference; explicitFileType = wrapper.cfbundle; includeInIndex = 0; path = MemeGeneratorTests.xctest; sourceTree = BUILT_PRODUCTS_DIR; };
		A2DA8D4426E26324004387F4 /* MemeGeneratorTests.swift */ = {isa = PBXFileReference; lastKnownFileType = sourcecode.swift; path = MemeGeneratorTests.swift; sourceTree = "<group>"; };
		A2DA8D4626E26324004387F4 /* Info.plist */ = {isa = PBXFileReference; lastKnownFileType = text.plist.xml; path = Info.plist; sourceTree = "<group>"; };
		A2DA8D4B26E26324004387F4 /* MemeGeneratorUITests.xctest */ = {isa = PBXFileReference; explicitFileType = wrapper.cfbundle; includeInIndex = 0; path = MemeGeneratorUITests.xctest; sourceTree = BUILT_PRODUCTS_DIR; };
		A2DA8D4F26E26324004387F4 /* MemeGeneratorUITests.swift */ = {isa = PBXFileReference; lastKnownFileType = sourcecode.swift; path = MemeGeneratorUITests.swift; sourceTree = "<group>"; };
		A2DA8D5126E26324004387F4 /* Info.plist */ = {isa = PBXFileReference; lastKnownFileType = text.plist.xml; path = Info.plist; sourceTree = "<group>"; };
		A2DA8D6326E283E6004387F4 /* .swiftlint.yml */ = {isa = PBXFileReference; fileEncoding = 4; lastKnownFileType = text.yaml; path = .swiftlint.yml; sourceTree = "<group>"; };
		A2DA8D6526E28417004387F4 /* ToDo.md */ = {isa = PBXFileReference; fileEncoding = 4; lastKnownFileType = net.daringfireball.markdown; path = ToDo.md; sourceTree = "<group>"; };
/* End PBXFileReference section */

/* Begin PBXFrameworksBuildPhase section */
		A2DA8D2526E2631F004387F4 /* Frameworks */ = {
			isa = PBXFrameworksBuildPhase;
			buildActionMask = 2147483647;
			files = (
			);
			runOnlyForDeploymentPostprocessing = 0;
		};
		A2DA8D3D26E26324004387F4 /* Frameworks */ = {
			isa = PBXFrameworksBuildPhase;
			buildActionMask = 2147483647;
			files = (
			);
			runOnlyForDeploymentPostprocessing = 0;
		};
		A2DA8D4826E26324004387F4 /* Frameworks */ = {
			isa = PBXFrameworksBuildPhase;
			buildActionMask = 2147483647;
			files = (
			);
			runOnlyForDeploymentPostprocessing = 0;
		};
/* End PBXFrameworksBuildPhase section */

/* Begin PBXGroup section */
		A2DA8D1F26E2631F004387F4 = {
			isa = PBXGroup;
			children = (
				A2DA8D6526E28417004387F4 /* ToDo.md */,
				A2DA8D6326E283E6004387F4 /* .swiftlint.yml */,
				A2DA8D2A26E2631F004387F4 /* MemeGenerator */,
				A2DA8D4326E26324004387F4 /* MemeGeneratorTests */,
				A2DA8D4E26E26324004387F4 /* MemeGeneratorUITests */,
				A2DA8D2926E2631F004387F4 /* Products */,
			);
			sourceTree = "<group>";
		};
		A2DA8D2926E2631F004387F4 /* Products */ = {
			isa = PBXGroup;
			children = (
				A2DA8D2826E2631F004387F4 /* MemeGenerator.app */,
				A2DA8D4026E26324004387F4 /* MemeGeneratorTests.xctest */,
				A2DA8D4B26E26324004387F4 /* MemeGeneratorUITests.xctest */,
			);
			name = Products;
			sourceTree = "<group>";
		};
		A2DA8D2A26E2631F004387F4 /* MemeGenerator */ = {
			isa = PBXGroup;
			children = (
				A2DA8D2B26E2631F004387F4 /* AppDelegate.swift */,
				A2DA8D2D26E2631F004387F4 /* SceneDelegate.swift */,
				A2DA8D2F26E2631F004387F4 /* LibraryViewController.swift */,
				A2DA8D3626E26323004387F4 /* Assets.xcassets */,
				A2DA8D3826E26323004387F4 /* LaunchScreen.storyboard */,
				A2DA8D3B26E26323004387F4 /* Info.plist */,
				A2DA8D3326E2631F004387F4 /* MemeGenerator.xcdatamodeld */,
			);
			path = MemeGenerator;
			sourceTree = "<group>";
		};
		A2DA8D4326E26324004387F4 /* MemeGeneratorTests */ = {
			isa = PBXGroup;
			children = (
				A2DA8D4426E26324004387F4 /* MemeGeneratorTests.swift */,
				A2DA8D4626E26324004387F4 /* Info.plist */,
			);
			path = MemeGeneratorTests;
			sourceTree = "<group>";
		};
		A2DA8D4E26E26324004387F4 /* MemeGeneratorUITests */ = {
			isa = PBXGroup;
			children = (
				A2DA8D4F26E26324004387F4 /* MemeGeneratorUITests.swift */,
				A2DA8D5126E26324004387F4 /* Info.plist */,
			);
			path = MemeGeneratorUITests;
			sourceTree = "<group>";
		};
/* End PBXGroup section */

/* Begin PBXNativeTarget section */
		A2DA8D2726E2631F004387F4 /* MemeGenerator */ = {
			isa = PBXNativeTarget;
			buildConfigurationList = A2DA8D5426E26324004387F4 /* Build configuration list for PBXNativeTarget "MemeGenerator" */;
			buildPhases = (
				A2DA8D2426E2631F004387F4 /* Sources */,
				A2DA8D2526E2631F004387F4 /* Frameworks */,
				A2DA8D2626E2631F004387F4 /* Resources */,
				A2DA8D6826E284A0004387F4 /* ShellScript */,
			);
			buildRules = (
			);
			dependencies = (
			);
			name = MemeGenerator;
			productName = MemeGenerator;
			productReference = A2DA8D2826E2631F004387F4 /* MemeGenerator.app */;
			productType = "com.apple.product-type.application";
		};
		A2DA8D3F26E26324004387F4 /* MemeGeneratorTests */ = {
			isa = PBXNativeTarget;
			buildConfigurationList = A2DA8D5726E26324004387F4 /* Build configuration list for PBXNativeTarget "MemeGeneratorTests" */;
			buildPhases = (
				A2DA8D3C26E26324004387F4 /* Sources */,
				A2DA8D3D26E26324004387F4 /* Frameworks */,
				A2DA8D3E26E26324004387F4 /* Resources */,
			);
			buildRules = (
			);
			dependencies = (
				A2DA8D4226E26324004387F4 /* PBXTargetDependency */,
			);
			name = MemeGeneratorTests;
			productName = MemeGeneratorTests;
			productReference = A2DA8D4026E26324004387F4 /* MemeGeneratorTests.xctest */;
			productType = "com.apple.product-type.bundle.unit-test";
		};
		A2DA8D4A26E26324004387F4 /* MemeGeneratorUITests */ = {
			isa = PBXNativeTarget;
			buildConfigurationList = A2DA8D5A26E26324004387F4 /* Build configuration list for PBXNativeTarget "MemeGeneratorUITests" */;
			buildPhases = (
				A2DA8D4726E26324004387F4 /* Sources */,
				A2DA8D4826E26324004387F4 /* Frameworks */,
				A2DA8D4926E26324004387F4 /* Resources */,
			);
			buildRules = (
			);
			dependencies = (
				A2DA8D4D26E26324004387F4 /* PBXTargetDependency */,
			);
			name = MemeGeneratorUITests;
			productName = MemeGeneratorUITests;
			productReference = A2DA8D4B26E26324004387F4 /* MemeGeneratorUITests.xctest */;
			productType = "com.apple.product-type.bundle.ui-testing";
		};
/* End PBXNativeTarget section */

/* Begin PBXProject section */
		A2DA8D2026E2631F004387F4 /* Project object */ = {
			isa = PBXProject;
			attributes = {
				LastSwiftUpdateCheck = 1250;
				LastUpgradeCheck = 1250;
				TargetAttributes = {
					A2DA8D2726E2631F004387F4 = {
						CreatedOnToolsVersion = 12.5.1;
					};
					A2DA8D3F26E26324004387F4 = {
						CreatedOnToolsVersion = 12.5.1;
					};
					A2DA8D4A26E26324004387F4 = {
						CreatedOnToolsVersion = 12.5.1;
						TestTargetID = A2DA8D2726E2631F004387F4;
					};
				};
			};
			buildConfigurationList = A2DA8D2326E2631F004387F4 /* Build configuration list for PBXProject "MemeGenerator" */;
			compatibilityVersion = "Xcode 9.3";
			developmentRegion = en;
			hasScannedForEncodings = 0;
			knownRegions = (
				en,
				Base,
			);
			mainGroup = A2DA8D1F26E2631F004387F4;
			productRefGroup = A2DA8D2926E2631F004387F4 /* Products */;
			projectDirPath = "";
			projectRoot = "";
			targets = (
				A2DA8D2726E2631F004387F4 /* MemeGenerator */,
				A2DA8D3F26E26324004387F4 /* MemeGeneratorTests */,
				A2DA8D4A26E26324004387F4 /* MemeGeneratorUITests */,
			);
		};
/* End PBXProject section */

/* Begin PBXResourcesBuildPhase section */
		A2DA8D2626E2631F004387F4 /* Resources */ = {
			isa = PBXResourcesBuildPhase;
			buildActionMask = 2147483647;
			files = (
				A2DA8D6626E28417004387F4 /* ToDo.md in Resources */,
				A2DA8D6426E283E6004387F4 /* .swiftlint.yml in Resources */,
				A2DA8D3726E26323004387F4 /* Assets.xcassets in Resources */,
				A2DA8D3A26E26323004387F4 /* LaunchScreen.storyboard in Resources */,
			);
			runOnlyForDeploymentPostprocessing = 0;
		};
		A2DA8D3E26E26324004387F4 /* Resources */ = {
			isa = PBXResourcesBuildPhase;
			buildActionMask = 2147483647;
			files = (
			);
			runOnlyForDeploymentPostprocessing = 0;
		};
		A2DA8D4926E26324004387F4 /* Resources */ = {
			isa = PBXResourcesBuildPhase;
			buildActionMask = 2147483647;
			files = (
			);
			runOnlyForDeploymentPostprocessing = 0;
		};
/* End PBXResourcesBuildPhase section */

/* Begin PBXShellScriptBuildPhase section */
		A2DA8D6826E284A0004387F4 /* ShellScript */ = {
			isa = PBXShellScriptBuildPhase;
			buildActionMask = 2147483647;
			files = (
			);
			inputFileListPaths = (
			);
			inputPaths = (
			);
			outputFileListPaths = (
			);
			outputPaths = (
			);
			runOnlyForDeploymentPostprocessing = 0;
			shellPath = /bin/sh;
			shellScript = "if which swiftlint >/dev/null; then\n  swiftlint\nelse\n  echo \"warning: SwiftLint not installed, download from https://github.com/realm/SwiftLint\"\nfi\n";
		};
/* End PBXShellScriptBuildPhase section */

/* Begin PBXSourcesBuildPhase section */
		A2DA8D2426E2631F004387F4 /* Sources */ = {
			isa = PBXSourcesBuildPhase;
			buildActionMask = 2147483647;
			files = (
				A2DA8D2C26E2631F004387F4 /* AppDelegate.swift in Sources */,
				A2DA8D3026E2631F004387F4 /* LibraryViewController.swift in Sources */,
				A2DA8D3526E2631F004387F4 /* MemeGenerator.xcdatamodeld in Sources */,
				A2DA8D2E26E2631F004387F4 /* SceneDelegate.swift in Sources */,
			);
			runOnlyForDeploymentPostprocessing = 0;
		};
		A2DA8D3C26E26324004387F4 /* Sources */ = {
			isa = PBXSourcesBuildPhase;
			buildActionMask = 2147483647;
			files = (
				A2DA8D5D26E263CE004387F4 /* AppDelegate.swift in Sources */,
				A2DA8D4526E26324004387F4 /* MemeGeneratorTests.swift in Sources */,
				A2DA8D6026E263D3004387F4 /* LibraryViewController.swift in Sources */,
				A2DA8D5F26E263D3004387F4 /* SceneDelegate.swift in Sources */,
			);
			runOnlyForDeploymentPostprocessing = 0;
		};
		A2DA8D4726E26324004387F4 /* Sources */ = {
			isa = PBXSourcesBuildPhase;
			buildActionMask = 2147483647;
			files = (
				A2DA8D5E26E263CF004387F4 /* AppDelegate.swift in Sources */,
				A2DA8D5026E26324004387F4 /* MemeGeneratorUITests.swift in Sources */,
				A2DA8D6226E263D3004387F4 /* LibraryViewController.swift in Sources */,
				A2DA8D6126E263D3004387F4 /* SceneDelegate.swift in Sources */,
			);
			runOnlyForDeploymentPostprocessing = 0;
		};
/* End PBXSourcesBuildPhase section */

/* Begin PBXTargetDependency section */
		A2DA8D4226E26324004387F4 /* PBXTargetDependency */ = {
			isa = PBXTargetDependency;
			target = A2DA8D2726E2631F004387F4 /* MemeGenerator */;
			targetProxy = A2DA8D4126E26324004387F4 /* PBXContainerItemProxy */;
		};
		A2DA8D4D26E26324004387F4 /* PBXTargetDependency */ = {
			isa = PBXTargetDependency;
			target = A2DA8D2726E2631F004387F4 /* MemeGenerator */;
			targetProxy = A2DA8D4C26E26324004387F4 /* PBXContainerItemProxy */;
		};
/* End PBXTargetDependency section */

/* Begin PBXVariantGroup section */
		A2DA8D3826E26323004387F4 /* LaunchScreen.storyboard */ = {
			isa = PBXVariantGroup;
			children = (
				A2DA8D3926E26323004387F4 /* Base */,
			);
			name = LaunchScreen.storyboard;
			sourceTree = "<group>";
		};
/* End PBXVariantGroup section */

/* Begin XCBuildConfiguration section */
		A2DA8D5226E26324004387F4 /* Debug */ = {
			isa = XCBuildConfiguration;
			buildSettings = {
				ALWAYS_SEARCH_USER_PATHS = NO;
				CLANG_ANALYZER_NONNULL = YES;
				CLANG_ANALYZER_NUMBER_OBJECT_CONVERSION = YES_AGGRESSIVE;
				CLANG_CXX_LANGUAGE_STANDARD = "gnu++14";
				CLANG_CXX_LIBRARY = "libc++";
				CLANG_ENABLE_MODULES = YES;
				CLANG_ENABLE_OBJC_ARC = YES;
				CLANG_ENABLE_OBJC_WEAK = YES;
				CLANG_WARN_BLOCK_CAPTURE_AUTORELEASING = YES;
				CLANG_WARN_BOOL_CONVERSION = YES;
				CLANG_WARN_COMMA = YES;
				CLANG_WARN_CONSTANT_CONVERSION = YES;
				CLANG_WARN_DEPRECATED_OBJC_IMPLEMENTATIONS = YES;
				CLANG_WARN_DIRECT_OBJC_ISA_USAGE = YES_ERROR;
				CLANG_WARN_DOCUMENTATION_COMMENTS = YES;
				CLANG_WARN_EMPTY_BODY = YES;
				CLANG_WARN_ENUM_CONVERSION = YES;
				CLANG_WARN_INFINITE_RECURSION = YES;
				CLANG_WARN_INT_CONVERSION = YES;
				CLANG_WARN_NON_LITERAL_NULL_CONVERSION = YES;
				CLANG_WARN_OBJC_IMPLICIT_RETAIN_SELF = YES;
				CLANG_WARN_OBJC_LITERAL_CONVERSION = YES;
				CLANG_WARN_OBJC_ROOT_CLASS = YES_ERROR;
				CLANG_WARN_QUOTED_INCLUDE_IN_FRAMEWORK_HEADER = YES;
				CLANG_WARN_RANGE_LOOP_ANALYSIS = YES;
				CLANG_WARN_STRICT_PROTOTYPES = YES;
				CLANG_WARN_SUSPICIOUS_MOVE = YES;
				CLANG_WARN_UNGUARDED_AVAILABILITY = YES_AGGRESSIVE;
				CLANG_WARN_UNREACHABLE_CODE = YES;
				CLANG_WARN__DUPLICATE_METHOD_MATCH = YES;
				COPY_PHASE_STRIP = NO;
				DEBUG_INFORMATION_FORMAT = dwarf;
				ENABLE_STRICT_OBJC_MSGSEND = YES;
				ENABLE_TESTABILITY = YES;
				GCC_C_LANGUAGE_STANDARD = gnu11;
				GCC_DYNAMIC_NO_PIC = NO;
				GCC_NO_COMMON_BLOCKS = YES;
				GCC_OPTIMIZATION_LEVEL = 0;
				GCC_PREPROCESSOR_DEFINITIONS = (
					"DEBUG=1",
					"$(inherited)",
				);
				GCC_WARN_64_TO_32_BIT_CONVERSION = YES;
				GCC_WARN_ABOUT_RETURN_TYPE = YES_ERROR;
				GCC_WARN_UNDECLARED_SELECTOR = YES;
				GCC_WARN_UNINITIALIZED_AUTOS = YES_AGGRESSIVE;
				GCC_WARN_UNUSED_FUNCTION = YES;
				GCC_WARN_UNUSED_VARIABLE = YES;
				IPHONEOS_DEPLOYMENT_TARGET = 13.0;
				MTL_ENABLE_DEBUG_INFO = INCLUDE_SOURCE;
				MTL_FAST_MATH = YES;
				ONLY_ACTIVE_ARCH = YES;
				SDKROOT = iphoneos;
				SWIFT_ACTIVE_COMPILATION_CONDITIONS = DEBUG;
				SWIFT_OPTIMIZATION_LEVEL = "-Onone";
			};
			name = Debug;
		};
		A2DA8D5326E26324004387F4 /* Release */ = {
			isa = XCBuildConfiguration;
			buildSettings = {
				ALWAYS_SEARCH_USER_PATHS = NO;
				CLANG_ANALYZER_NONNULL = YES;
				CLANG_ANALYZER_NUMBER_OBJECT_CONVERSION = YES_AGGRESSIVE;
				CLANG_CXX_LANGUAGE_STANDARD = "gnu++14";
				CLANG_CXX_LIBRARY = "libc++";
				CLANG_ENABLE_MODULES = YES;
				CLANG_ENABLE_OBJC_ARC = YES;
				CLANG_ENABLE_OBJC_WEAK = YES;
				CLANG_WARN_BLOCK_CAPTURE_AUTORELEASING = YES;
				CLANG_WARN_BOOL_CONVERSION = YES;
				CLANG_WARN_COMMA = YES;
				CLANG_WARN_CONSTANT_CONVERSION = YES;
				CLANG_WARN_DEPRECATED_OBJC_IMPLEMENTATIONS = YES;
				CLANG_WARN_DIRECT_OBJC_ISA_USAGE = YES_ERROR;
				CLANG_WARN_DOCUMENTATION_COMMENTS = YES;
				CLANG_WARN_EMPTY_BODY = YES;
				CLANG_WARN_ENUM_CONVERSION = YES;
				CLANG_WARN_INFINITE_RECURSION = YES;
				CLANG_WARN_INT_CONVERSION = YES;
				CLANG_WARN_NON_LITERAL_NULL_CONVERSION = YES;
				CLANG_WARN_OBJC_IMPLICIT_RETAIN_SELF = YES;
				CLANG_WARN_OBJC_LITERAL_CONVERSION = YES;
				CLANG_WARN_OBJC_ROOT_CLASS = YES_ERROR;
				CLANG_WARN_QUOTED_INCLUDE_IN_FRAMEWORK_HEADER = YES;
				CLANG_WARN_RANGE_LOOP_ANALYSIS = YES;
				CLANG_WARN_STRICT_PROTOTYPES = YES;
				CLANG_WARN_SUSPICIOUS_MOVE = YES;
				CLANG_WARN_UNGUARDED_AVAILABILITY = YES_AGGRESSIVE;
				CLANG_WARN_UNREACHABLE_CODE = YES;
				CLANG_WARN__DUPLICATE_METHOD_MATCH = YES;
				COPY_PHASE_STRIP = NO;
				DEBUG_INFORMATION_FORMAT = "dwarf-with-dsym";
				ENABLE_NS_ASSERTIONS = NO;
				ENABLE_STRICT_OBJC_MSGSEND = YES;
				GCC_C_LANGUAGE_STANDARD = gnu11;
				GCC_NO_COMMON_BLOCKS = YES;
				GCC_WARN_64_TO_32_BIT_CONVERSION = YES;
				GCC_WARN_ABOUT_RETURN_TYPE = YES_ERROR;
				GCC_WARN_UNDECLARED_SELECTOR = YES;
				GCC_WARN_UNINITIALIZED_AUTOS = YES_AGGRESSIVE;
				GCC_WARN_UNUSED_FUNCTION = YES;
				GCC_WARN_UNUSED_VARIABLE = YES;
				IPHONEOS_DEPLOYMENT_TARGET = 13.0;
				MTL_ENABLE_DEBUG_INFO = NO;
				MTL_FAST_MATH = YES;
				SDKROOT = iphoneos;
				SWIFT_COMPILATION_MODE = wholemodule;
				SWIFT_OPTIMIZATION_LEVEL = "-O";
				VALIDATE_PRODUCT = YES;
			};
			name = Release;
		};
		A2DA8D5526E26324004387F4 /* Debug */ = {
			isa = XCBuildConfiguration;
			buildSettings = {
				ASSETCATALOG_COMPILER_APPICON_NAME = AppIcon;
				ASSETCATALOG_COMPILER_GLOBAL_ACCENT_COLOR_NAME = AccentColor;
				CODE_SIGN_STYLE = Automatic;
				DEVELOPMENT_TEAM = GQ92PTQY7M;
				INFOPLIST_FILE = MemeGenerator/Info.plist;
				LD_RUNPATH_SEARCH_PATHS = (
					"$(inherited)",
					"@executable_path/Frameworks",
				);
				PRODUCT_BUNDLE_IDENTIFIER = com.mudriyilya.MemeGenerator;
				PRODUCT_NAME = "$(TARGET_NAME)";
				SWIFT_VERSION = 5.0;
				TARGETED_DEVICE_FAMILY = 1;
			};
			name = Debug;
		};
		A2DA8D5626E26324004387F4 /* Release */ = {
			isa = XCBuildConfiguration;
			buildSettings = {
				ASSETCATALOG_COMPILER_APPICON_NAME = AppIcon;
				ASSETCATALOG_COMPILER_GLOBAL_ACCENT_COLOR_NAME = AccentColor;
				CODE_SIGN_STYLE = Automatic;
				DEVELOPMENT_TEAM = GQ92PTQY7M;
				INFOPLIST_FILE = MemeGenerator/Info.plist;
				LD_RUNPATH_SEARCH_PATHS = (
					"$(inherited)",
					"@executable_path/Frameworks",
				);
				PRODUCT_BUNDLE_IDENTIFIER = com.mudriyilya.MemeGenerator;
				PRODUCT_NAME = "$(TARGET_NAME)";
				SWIFT_VERSION = 5.0;
				TARGETED_DEVICE_FAMILY = 1;
			};
			name = Release;
		};
		A2DA8D5826E26324004387F4 /* Debug */ = {
			isa = XCBuildConfiguration;
			buildSettings = {
				ALWAYS_EMBED_SWIFT_STANDARD_LIBRARIES = YES;
				CODE_SIGN_STYLE = Automatic;
				DEVELOPMENT_TEAM = GQ92PTQY7M;
				INFOPLIST_FILE = MemeGeneratorTests/Info.plist;
				IPHONEOS_DEPLOYMENT_TARGET = 14.5;
				LD_RUNPATH_SEARCH_PATHS = (
					"$(inherited)",
					"@executable_path/Frameworks",
					"@loader_path/Frameworks",
				);
				PRODUCT_BUNDLE_IDENTIFIER = com.mudriyilya.MemeGeneratorTests;
				PRODUCT_NAME = "$(TARGET_NAME)";
				SWIFT_VERSION = 5.0;
				TARGETED_DEVICE_FAMILY = "1,2";
			};
			name = Debug;
		};
		A2DA8D5926E26324004387F4 /* Release */ = {
			isa = XCBuildConfiguration;
			buildSettings = {
				ALWAYS_EMBED_SWIFT_STANDARD_LIBRARIES = YES;
				CODE_SIGN_STYLE = Automatic;
				DEVELOPMENT_TEAM = GQ92PTQY7M;
				INFOPLIST_FILE = MemeGeneratorTests/Info.plist;
				IPHONEOS_DEPLOYMENT_TARGET = 14.5;
				LD_RUNPATH_SEARCH_PATHS = (
					"$(inherited)",
					"@executable_path/Frameworks",
					"@loader_path/Frameworks",
				);
				PRODUCT_BUNDLE_IDENTIFIER = com.mudriyilya.MemeGeneratorTests;
				PRODUCT_NAME = "$(TARGET_NAME)";
				SWIFT_VERSION = 5.0;
				TARGETED_DEVICE_FAMILY = "1,2";
			};
			name = Release;
		};
		A2DA8D5B26E26324004387F4 /* Debug */ = {
			isa = XCBuildConfiguration;
			buildSettings = {
				ALWAYS_EMBED_SWIFT_STANDARD_LIBRARIES = YES;
				CODE_SIGN_STYLE = Automatic;
				DEVELOPMENT_TEAM = GQ92PTQY7M;
				INFOPLIST_FILE = MemeGeneratorUITests/Info.plist;
				LD_RUNPATH_SEARCH_PATHS = (
					"$(inherited)",
					"@executable_path/Frameworks",
					"@loader_path/Frameworks",
				);
				PRODUCT_BUNDLE_IDENTIFIER = com.mudriyilya.MemeGeneratorUITests;
				PRODUCT_NAME = "$(TARGET_NAME)";
				SWIFT_VERSION = 5.0;
				TARGETED_DEVICE_FAMILY = "1,2";
				TEST_TARGET_NAME = MemeGenerator;
			};
			name = Debug;
		};
		A2DA8D5C26E26324004387F4 /* Release */ = {
			isa = XCBuildConfiguration;
			buildSettings = {
				ALWAYS_EMBED_SWIFT_STANDARD_LIBRARIES = YES;
				CODE_SIGN_STYLE = Automatic;
				DEVELOPMENT_TEAM = GQ92PTQY7M;
				INFOPLIST_FILE = MemeGeneratorUITests/Info.plist;
				LD_RUNPATH_SEARCH_PATHS = (
					"$(inherited)",
					"@executable_path/Frameworks",
					"@loader_path/Frameworks",
				);
				PRODUCT_BUNDLE_IDENTIFIER = com.mudriyilya.MemeGeneratorUITests;
				PRODUCT_NAME = "$(TARGET_NAME)";
				SWIFT_VERSION = 5.0;
				TARGETED_DEVICE_FAMILY = "1,2";
				TEST_TARGET_NAME = MemeGenerator;
			};
			name = Release;
		};
/* End XCBuildConfiguration section */

/* Begin XCConfigurationList section */
		A2DA8D2326E2631F004387F4 /* Build configuration list for PBXProject "MemeGenerator" */ = {
			isa = XCConfigurationList;
			buildConfigurations = (
				A2DA8D5226E26324004387F4 /* Debug */,
				A2DA8D5326E26324004387F4 /* Release */,
			);
			defaultConfigurationIsVisible = 0;
			defaultConfigurationName = Release;
		};
		A2DA8D5426E26324004387F4 /* Build configuration list for PBXNativeTarget "MemeGenerator" */ = {
			isa = XCConfigurationList;
			buildConfigurations = (
				A2DA8D5526E26324004387F4 /* Debug */,
				A2DA8D5626E26324004387F4 /* Release */,
			);
			defaultConfigurationIsVisible = 0;
			defaultConfigurationName = Release;
		};
		A2DA8D5726E26324004387F4 /* Build configuration list for PBXNativeTarget "MemeGeneratorTests" */ = {
			isa = XCConfigurationList;
			buildConfigurations = (
				A2DA8D5826E26324004387F4 /* Debug */,
				A2DA8D5926E26324004387F4 /* Release */,
			);
			defaultConfigurationIsVisible = 0;
			defaultConfigurationName = Release;
		};
		A2DA8D5A26E26324004387F4 /* Build configuration list for PBXNativeTarget "MemeGeneratorUITests" */ = {
			isa = XCConfigurationList;
			buildConfigurations = (
				A2DA8D5B26E26324004387F4 /* Debug */,
				A2DA8D5C26E26324004387F4 /* Release */,
			);
			defaultConfigurationIsVisible = 0;
			defaultConfigurationName = Release;
		};
/* End XCConfigurationList section */

/* Begin XCVersionGroup section */
		A2DA8D3326E2631F004387F4 /* MemeGenerator.xcdatamodeld */ = {
			isa = XCVersionGroup;
			children = (
				A2DA8D3426E2631F004387F4 /* MemeGenerator.xcdatamodel */,
			);
			currentVersion = A2DA8D3426E2631F004387F4 /* MemeGenerator.xcdatamodel */;
			path = MemeGenerator.xcdatamodeld;
			sourceTree = "<group>";
			versionGroupType = wrapper.xcdatamodel;
		};
/* End XCVersionGroup section */
	};
	rootObject = A2DA8D2026E2631F004387F4 /* Project object */;
}
